// !$*UTF8*$!
{
	archiveVersion = 1;
	classes = {
	};
	objectVersion = 54;
	objects = {

/* Begin PBXBuildFile section */
		C803C5D324FC57B800A8D2DE /* CharacterRaidEncounters.swift in Sources */ = {isa = PBXBuildFile; fileRef = C803C5D224FC57B800A8D2DE /* CharacterRaidEncounters.swift */; };
		C803C5D424FC57B800A8D2DE /* CharacterRaidEncounters.swift in Sources */ = {isa = PBXBuildFile; fileRef = C803C5D224FC57B800A8D2DE /* CharacterRaidEncounters.swift */; };
		C803C5D624FD81ED00A8D2DE /* CombinedRaidWithEncounters.swift in Sources */ = {isa = PBXBuildFile; fileRef = C803C5D524FD81ED00A8D2DE /* CombinedRaidWithEncounters.swift */; };
		C803C5D724FD81ED00A8D2DE /* CombinedRaidWithEncounters.swift in Sources */ = {isa = PBXBuildFile; fileRef = C803C5D524FD81ED00A8D2DE /* CombinedRaidWithEncounters.swift */; };
		C803C5D924FEF18C00A8D2DE /* RaidDataHelper.swift in Sources */ = {isa = PBXBuildFile; fileRef = C803C5D824FEF18C00A8D2DE /* RaidDataHelper.swift */; };
		C803C5DA24FEF18C00A8D2DE /* RaidDataHelper.swift in Sources */ = {isa = PBXBuildFile; fileRef = C803C5D824FEF18C00A8D2DE /* RaidDataHelper.swift */; };
		C803C5DC24FEF1D700A8D2DE /* RaidDataFilledAndSorted.swift in Sources */ = {isa = PBXBuildFile; fileRef = C803C5DB24FEF1D700A8D2DE /* RaidDataFilledAndSorted.swift */; };
		C803C5DD24FEF1D700A8D2DE /* RaidDataFilledAndSorted.swift in Sources */ = {isa = PBXBuildFile; fileRef = C803C5DB24FEF1D700A8D2DE /* RaidDataFilledAndSorted.swift */; };
		C803C5DF250070C300A8D2DE /* WrapperForRaidOptions.swift in Sources */ = {isa = PBXBuildFile; fileRef = C803C5DE250070C300A8D2DE /* WrapperForRaidOptions.swift */; };
		C803C5E0250070C300A8D2DE /* WrapperForRaidOptions.swift in Sources */ = {isa = PBXBuildFile; fileRef = C803C5DE250070C300A8D2DE /* WrapperForRaidOptions.swift */; };
		C803C5E225007B8800A8D2DE /* RaidFarmHeader.swift in Sources */ = {isa = PBXBuildFile; fileRef = C803C5E125007B8800A8D2DE /* RaidFarmHeader.swift */; };
		C803C5E325007B8800A8D2DE /* RaidFarmHeader.swift in Sources */ = {isa = PBXBuildFile; fileRef = C803C5E125007B8800A8D2DE /* RaidFarmHeader.swift */; };
		C803C5E92501962800A8D2DE /* VisualEffects in Frameworks */ = {isa = PBXBuildFile; productRef = C803C5E82501962800A8D2DE /* VisualEffects */; };
		C803C5EB2501964700A8D2DE /* VisualEffects in Frameworks */ = {isa = PBXBuildFile; productRef = C803C5EA2501964700A8D2DE /* VisualEffects */; };
		C806FA522501A7B2006DEF78 /* CharacterRaidTile.swift in Sources */ = {isa = PBXBuildFile; fileRef = C806FA512501A7B2006DEF78 /* CharacterRaidTile.swift */; };
		C806FA532501A7B2006DEF78 /* CharacterRaidTile.swift in Sources */ = {isa = PBXBuildFile; fileRef = C806FA512501A7B2006DEF78 /* CharacterRaidTile.swift */; };
		C806FA552501AAE1006DEF78 /* RaidTileBackground.swift in Sources */ = {isa = PBXBuildFile; fileRef = C806FA542501AAE1006DEF78 /* RaidTileBackground.swift */; };
		C806FA562501AAE1006DEF78 /* RaidTileBackground.swift in Sources */ = {isa = PBXBuildFile; fileRef = C806FA542501AAE1006DEF78 /* RaidTileBackground.swift */; };
		C811E77C24E01B1F0050F6CD /* Tests_iOS.swift in Sources */ = {isa = PBXBuildFile; fileRef = C811E77B24E01B1F0050F6CD /* Tests_iOS.swift */; };
		C811E78724E01B1F0050F6CD /* Tests_macOS.swift in Sources */ = {isa = PBXBuildFile; fileRef = C811E78624E01B1F0050F6CD /* Tests_macOS.swift */; };
		C811E78924E01B1F0050F6CD /* WoWHelperApp.swift in Sources */ = {isa = PBXBuildFile; fileRef = C811E76024E01B1E0050F6CD /* WoWHelperApp.swift */; };
		C811E78A24E01B1F0050F6CD /* WoWHelperApp.swift in Sources */ = {isa = PBXBuildFile; fileRef = C811E76024E01B1E0050F6CD /* WoWHelperApp.swift */; };
		C811E78B24E01B1F0050F6CD /* AuthCheckingScreen.swift in Sources */ = {isa = PBXBuildFile; fileRef = C811E76124E01B1E0050F6CD /* AuthCheckingScreen.swift */; };
		C811E78C24E01B1F0050F6CD /* AuthCheckingScreen.swift in Sources */ = {isa = PBXBuildFile; fileRef = C811E76124E01B1E0050F6CD /* AuthCheckingScreen.swift */; };
		C811E78D24E01B1F0050F6CD /* Assets.xcassets in Resources */ = {isa = PBXBuildFile; fileRef = C811E76224E01B1F0050F6CD /* Assets.xcassets */; };
		C811E78E24E01B1F0050F6CD /* Assets.xcassets in Resources */ = {isa = PBXBuildFile; fileRef = C811E76224E01B1F0050F6CD /* Assets.xcassets */; };
		C811E79F24E01B7B0050F6CD /* OAuth2 in Frameworks */ = {isa = PBXBuildFile; productRef = C811E79E24E01B7B0050F6CD /* OAuth2 */; };
		C811E7A224E01C850050F6CD /* OAuth2 in Frameworks */ = {isa = PBXBuildFile; productRef = C811E7A124E01C850050F6CD /* OAuth2 */; };
		C811E7A424E01DC30050F6CD /* APIAccessInfo.swift in Sources */ = {isa = PBXBuildFile; fileRef = C811E7A324E01DC30050F6CD /* APIAccessInfo.swift */; };
		C811E7A524E01DC30050F6CD /* APIAccessInfo.swift in Sources */ = {isa = PBXBuildFile; fileRef = C811E7A324E01DC30050F6CD /* APIAccessInfo.swift */; };
		C811E7A724E05FBE0050F6CD /* AuthInfo.swift in Sources */ = {isa = PBXBuildFile; fileRef = C811E7A624E05FBE0050F6CD /* AuthInfo.swift */; };
		C811E7A824E05FBE0050F6CD /* AuthInfo.swift in Sources */ = {isa = PBXBuildFile; fileRef = C811E7A624E05FBE0050F6CD /* AuthInfo.swift */; };
		C811E7AB24E0A3690050F6CD /* Authentication.swift in Sources */ = {isa = PBXBuildFile; fileRef = C811E7AA24E0A3690050F6CD /* Authentication.swift */; };
		C811E7AC24E0A3690050F6CD /* Authentication.swift in Sources */ = {isa = PBXBuildFile; fileRef = C811E7AA24E0A3690050F6CD /* Authentication.swift */; };
		C818B1CE2520D9B000ED06B7 /* LocalizedName.swift in Sources */ = {isa = PBXBuildFile; fileRef = C818B1CD2520D9B000ED06B7 /* LocalizedName.swift */; };
		C818B1CF2520D9B000ED06B7 /* LocalizedName.swift in Sources */ = {isa = PBXBuildFile; fileRef = C818B1CD2520D9B000ED06B7 /* LocalizedName.swift */; };
		C818B1D52520EE6800ED06B7 /* JournalEncounterSearch.swift in Sources */ = {isa = PBXBuildFile; fileRef = C818B1D42520EE6800ED06B7 /* JournalEncounterSearch.swift */; };
		C818B1D62520EE6800ED06B7 /* JournalEncounterSearch.swift in Sources */ = {isa = PBXBuildFile; fileRef = C818B1D42520EE6800ED06B7 /* JournalEncounterSearch.swift */; };
		C818B1DC2521060D00ED06B7 /* NotableItemsInRaid.swift in Sources */ = {isa = PBXBuildFile; fileRef = C818B1DB2521060D00ED06B7 /* NotableItemsInRaid.swift */; };
		C818B1DD2521060D00ED06B7 /* NotableItemsInRaid.swift in Sources */ = {isa = PBXBuildFile; fileRef = C818B1DB2521060D00ED06B7 /* NotableItemsInRaid.swift */; };
		C818B1E42522A41D00ED06B7 /* FarmingOrder.swift in Sources */ = {isa = PBXBuildFile; fileRef = C818B1E32522A41D00ED06B7 /* FarmingOrder.swift */; };
		C818B1E52522A41D00ED06B7 /* FarmingOrder.swift in Sources */ = {isa = PBXBuildFile; fileRef = C818B1E32522A41D00ED06B7 /* FarmingOrder.swift */; };
		C818B1EF2523ADA400ED06B7 /* RaidsData.swift in Sources */ = {isa = PBXBuildFile; fileRef = C818B1EE2523ADA400ED06B7 /* RaidsData.swift */; };
		C818B1F02523ADA400ED06B7 /* RaidsData.swift in Sources */ = {isa = PBXBuildFile; fileRef = C818B1EE2523ADA400ED06B7 /* RaidsData.swift */; };
		C831CC3A24E7296A00C25F67 /* CharacterListItem.swift in Sources */ = {isa = PBXBuildFile; fileRef = C831CC3924E7296A00C25F67 /* CharacterListItem.swift */; };
		C831CC4724E7355500C25F67 /* CharacterMedia.swift in Sources */ = {isa = PBXBuildFile; fileRef = C831CC4624E7355500C25F67 /* CharacterMedia.swift */; };
		C831CC4824E7355500C25F67 /* CharacterMedia.swift in Sources */ = {isa = PBXBuildFile; fileRef = C831CC4624E7355500C25F67 /* CharacterMedia.swift */; };
		C831CC4F24E8974100C25F67 /* MyData.xcdatamodeld in Sources */ = {isa = PBXBuildFile; fileRef = C831CC4D24E8974100C25F67 /* MyData.xcdatamodeld */; };
		C831CC5024E8974100C25F67 /* MyData.xcdatamodeld in Sources */ = {isa = PBXBuildFile; fileRef = C831CC4D24E8974100C25F67 /* MyData.xcdatamodeld */; };
		C831CC5324E89A0200C25F67 /* CoreDataImagesManager.swift in Sources */ = {isa = PBXBuildFile; fileRef = C831CC5224E89A0200C25F67 /* CoreDataImagesManager.swift */; };
		C831CC5424E89A0200C25F67 /* CoreDataImagesManager.swift in Sources */ = {isa = PBXBuildFile; fileRef = C831CC5224E89A0200C25F67 /* CoreDataImagesManager.swift */; };
		C835226F2502379900A5D90D /* BackgroundBlurs.swift in Sources */ = {isa = PBXBuildFile; fileRef = C835226E2502379900A5D90D /* BackgroundBlurs.swift */; };
		C83522702502379900A5D90D /* BackgroundBlurs.swift in Sources */ = {isa = PBXBuildFile; fileRef = C835226E2502379900A5D90D /* BackgroundBlurs.swift */; };
		C83AF6D2253F95260027AF80 /* Collections.swift in Sources */ = {isa = PBXBuildFile; fileRef = C83AF6D1253F95260027AF80 /* Collections.swift */; };
		C83AF6D3253F95260027AF80 /* Collections.swift in Sources */ = {isa = PBXBuildFile; fileRef = C83AF6D1253F95260027AF80 /* Collections.swift */; };
		C8490D9E2548E03D0029F492 /* IgnoredCharactersRestore.swift in Sources */ = {isa = PBXBuildFile; fileRef = C8490D9D2548E03D0029F492 /* IgnoredCharactersRestore.swift */; };
		C8490D9F2548E03D0029F492 /* IgnoredCharactersRestore.swift in Sources */ = {isa = PBXBuildFile; fileRef = C8490D9D2548E03D0029F492 /* IgnoredCharactersRestore.swift */; };
		C84996272517B837007D1762 /* CollectibleItems.swift in Sources */ = {isa = PBXBuildFile; fileRef = C84996262517B837007D1762 /* CollectibleItems.swift */; };
		C84996282517B837007D1762 /* CollectibleItems.swift in Sources */ = {isa = PBXBuildFile; fileRef = C84996262517B837007D1762 /* CollectibleItems.swift */; };
		C84996392517CBBA007D1762 /* RaidDetails.swift in Sources */ = {isa = PBXBuildFile; fileRef = C84996382517CBBA007D1762 /* RaidDetails.swift */; };
		C849963A2517CBBA007D1762 /* RaidDetails.swift in Sources */ = {isa = PBXBuildFile; fileRef = C84996382517CBBA007D1762 /* RaidDetails.swift */; };
		C849968725191ED7007D1762 /* CharacterListItemBackground.swift in Sources */ = {isa = PBXBuildFile; fileRef = C849968625191ED7007D1762 /* CharacterListItemBackground.swift */; };
		C849968825191ED7007D1762 /* CharacterListItemBackground.swift in Sources */ = {isa = PBXBuildFile; fileRef = C849968625191ED7007D1762 /* CharacterListItemBackground.swift */; };
		C84B82F724E5FD65006E84FA /* MainScreen.swift in Sources */ = {isa = PBXBuildFile; fileRef = C84B82F624E5FD65006E84FA /* MainScreen.swift */; };
		C84B82F824E5FD65006E84FA /* MainScreen.swift in Sources */ = {isa = PBXBuildFile; fileRef = C84B82F624E5FD65006E84FA /* MainScreen.swift */; };
		C84B82FA24E5FF56006E84FA /* UserProfile.swift in Sources */ = {isa = PBXBuildFile; fileRef = C84B82F924E5FF56006E84FA /* UserProfile.swift */; };
		C84B82FB24E5FF56006E84FA /* UserProfile.swift in Sources */ = {isa = PBXBuildFile; fileRef = C84B82F924E5FF56006E84FA /* UserProfile.swift */; };
		C85059A02560888E0083FEEA /* InitialControls.swift in Sources */ = {isa = PBXBuildFile; fileRef = C850599F2560888E0083FEEA /* InitialControls.swift */; };
		C85059A12560888E0083FEEA /* InitialControls.swift in Sources */ = {isa = PBXBuildFile; fileRef = C850599F2560888E0083FEEA /* InitialControls.swift */; };
		C85059AB25608ACC0083FEEA /* LoadingCharacters.swift in Sources */ = {isa = PBXBuildFile; fileRef = C85059AA25608ACC0083FEEA /* LoadingCharacters.swift */; };
		C85059AC25608ACC0083FEEA /* LoadingCharacters.swift in Sources */ = {isa = PBXBuildFile; fileRef = C85059AA25608ACC0083FEEA /* LoadingCharacters.swift */; };
		C85059B225608E470083FEEA /* SortingCharacters.swift in Sources */ = {isa = PBXBuildFile; fileRef = C85059B125608E470083FEEA /* SortingCharacters.swift */; };
		C85059B325608E470083FEEA /* SortingCharacters.swift in Sources */ = {isa = PBXBuildFile; fileRef = C85059B125608E470083FEEA /* SortingCharacters.swift */; };
		C85059B925608EC50083FEEA /* LoadingCollectibles.swift in Sources */ = {isa = PBXBuildFile; fileRef = C85059B825608EC50083FEEA /* LoadingCollectibles.swift */; };
		C85059BA25608EC50083FEEA /* LoadingCollectibles.swift in Sources */ = {isa = PBXBuildFile; fileRef = C85059B825608EC50083FEEA /* LoadingCollectibles.swift */; };
		C85059C025608F840083FEEA /* LoadingExpansions.swift in Sources */ = {isa = PBXBuildFile; fileRef = C85059BF25608F840083FEEA /* LoadingExpansions.swift */; };
		C85059C125608F840083FEEA /* LoadingExpansions.swift in Sources */ = {isa = PBXBuildFile; fileRef = C85059BF25608F840083FEEA /* LoadingExpansions.swift */; };
		C85059C7256090310083FEEA /* LoadingRaids.swift in Sources */ = {isa = PBXBuildFile; fileRef = C85059C6256090310083FEEA /* LoadingRaids.swift */; };
		C85059C8256090310083FEEA /* LoadingRaids.swift in Sources */ = {isa = PBXBuildFile; fileRef = C85059C6256090310083FEEA /* LoadingRaids.swift */; };
		C85059CE2560915B0083FEEA /* LoadingRaidEncounters.swift in Sources */ = {isa = PBXBuildFile; fileRef = C85059CD2560915B0083FEEA /* LoadingRaidEncounters.swift */; };
		C85059CF2560915B0083FEEA /* LoadingRaidEncounters.swift in Sources */ = {isa = PBXBuildFile; fileRef = C85059CD2560915B0083FEEA /* LoadingRaidEncounters.swift */; };
		C85059D5256092430083FEEA /* LoadingCharacterEncounters.swift in Sources */ = {isa = PBXBuildFile; fileRef = C85059D4256092430083FEEA /* LoadingCharacterEncounters.swift */; };
		C85059D6256092430083FEEA /* LoadingCharacterEncounters.swift in Sources */ = {isa = PBXBuildFile; fileRef = C85059D4256092430083FEEA /* LoadingCharacterEncounters.swift */; };
		C85059DC256092AB0083FEEA /* CharacterEncountersReloading.swift in Sources */ = {isa = PBXBuildFile; fileRef = C85059DB256092AB0083FEEA /* CharacterEncountersReloading.swift */; };
		C85059DD256092AB0083FEEA /* CharacterEncountersReloading.swift in Sources */ = {isa = PBXBuildFile; fileRef = C85059DB256092AB0083FEEA /* CharacterEncountersReloading.swift */; };
		C85059E3256093910083FEEA /* SavingAvatars.swift in Sources */ = {isa = PBXBuildFile; fileRef = C85059E2256093910083FEEA /* SavingAvatars.swift */; };
		C85059E4256093910083FEEA /* SavingAvatars.swift in Sources */ = {isa = PBXBuildFile; fileRef = C85059E2256093910083FEEA /* SavingAvatars.swift */; };
		C85059EA256093CA0083FEEA /* SavingRaidsBackgrounds.swift in Sources */ = {isa = PBXBuildFile; fileRef = C85059E9256093CA0083FEEA /* SavingRaidsBackgrounds.swift */; };
		C85059EB256093CA0083FEEA /* SavingRaidsBackgrounds.swift in Sources */ = {isa = PBXBuildFile; fileRef = C85059E9256093CA0083FEEA /* SavingRaidsBackgrounds.swift */; };
		C85059F5256153680083FEEA /* RaidSuggestion.swift in Sources */ = {isa = PBXBuildFile; fileRef = C85059F4256153680083FEEA /* RaidSuggestion.swift */; };
		C85059F6256153680083FEEA /* RaidSuggestion.swift in Sources */ = {isa = PBXBuildFile; fileRef = C85059F4256153680083FEEA /* RaidSuggestion.swift */; };
		C8665E6524F066DF0043A23C /* GameDataLoader.swift in Sources */ = {isa = PBXBuildFile; fileRef = C8665E6424F066DF0043A23C /* GameDataLoader.swift */; };
		C8665E6624F066DF0043A23C /* GameDataLoader.swift in Sources */ = {isa = PBXBuildFile; fileRef = C8665E6424F066DF0043A23C /* GameDataLoader.swift */; };
		C8665E6824F1DF980043A23C /* InstanceJournal.swift in Sources */ = {isa = PBXBuildFile; fileRef = C8665E6724F1DF980043A23C /* InstanceJournal.swift */; };
		C8665E6924F1DF980043A23C /* InstanceJournal.swift in Sources */ = {isa = PBXBuildFile; fileRef = C8665E6724F1DF980043A23C /* InstanceJournal.swift */; };
		C86A6B87253CD13A00784F6C /* CreditsListItem.swift in Sources */ = {isa = PBXBuildFile; fileRef = C86A6B86253CD13900784F6C /* CreditsListItem.swift */; };
		C86A6B88253CD13A00784F6C /* CreditsListItem.swift in Sources */ = {isa = PBXBuildFile; fileRef = C86A6B86253CD13900784F6C /* CreditsListItem.swift */; };
		C86A6B8E253CD1A600784F6C /* Credits.swift in Sources */ = {isa = PBXBuildFile; fileRef = C86A6B8D253CD1A600784F6C /* Credits.swift */; };
		C86A6B8F253CD1A600784F6C /* Credits.swift in Sources */ = {isa = PBXBuildFile; fileRef = C86A6B8D253CD1A600784F6C /* Credits.swift */; };
		C874D5CE24F2926A0006B210 /* ExpansionGameDataPreview.swift in Sources */ = {isa = PBXBuildFile; fileRef = C874D5CD24F2926A0006B210 /* ExpansionGameDataPreview.swift */; };
		C874D5CF24F2926A0006B210 /* ExpansionGameDataPreview.swift in Sources */ = {isa = PBXBuildFile; fileRef = C874D5CD24F2926A0006B210 /* ExpansionGameDataPreview.swift */; };
		C8770B1825633ACE00CE4BAC /* PreparingRaidSuggestions.swift in Sources */ = {isa = PBXBuildFile; fileRef = C8770B1725633ACE00CE4BAC /* PreparingRaidSuggestions.swift */; };
		C8770B1925633ACE00CE4BAC /* PreparingRaidSuggestions.swift in Sources */ = {isa = PBXBuildFile; fileRef = C8770B1725633ACE00CE4BAC /* PreparingRaidSuggestions.swift */; };
		C8770B1F2565BC8300CE4BAC /* StoredCharacterImage.swift in Sources */ = {isa = PBXBuildFile; fileRef = C8770B1E2565BC8300CE4BAC /* StoredCharacterImage.swift */; };
		C8770B202565BC8300CE4BAC /* StoredCharacterImage.swift in Sources */ = {isa = PBXBuildFile; fileRef = C8770B1E2565BC8300CE4BAC /* StoredCharacterImage.swift */; };
		C8770B2A2565CB0F00CE4BAC /* StoredRaidTileBackground.swift in Sources */ = {isa = PBXBuildFile; fileRef = C8770B292565CB0F00CE4BAC /* StoredRaidTileBackground.swift */; };
		C8770B2B2565CB0F00CE4BAC /* StoredRaidTileBackground.swift in Sources */ = {isa = PBXBuildFile; fileRef = C8770B292565CB0F00CE4BAC /* StoredRaidTileBackground.swift */; };
		C8770B312565CF8F00CE4BAC /* StoredItemIcon.swift in Sources */ = {isa = PBXBuildFile; fileRef = C8770B302565CF8F00CE4BAC /* StoredItemIcon.swift */; };
		C8770B322565CF8F00CE4BAC /* StoredItemIcon.swift in Sources */ = {isa = PBXBuildFile; fileRef = C8770B302565CF8F00CE4BAC /* StoredItemIcon.swift */; };
		C887120F24E4A01200C0A0ED /* LoginScreen.swift in Sources */ = {isa = PBXBuildFile; fileRef = C887120E24E4A01200C0A0ED /* LoginScreen.swift */; };
		C887121024E4A01200C0A0ED /* LoginScreen.swift in Sources */ = {isa = PBXBuildFile; fileRef = C887120E24E4A01200C0A0ED /* LoginScreen.swift */; };
		C88EEA9D24E9E2B800155CBC /* JSONCoreDataManager.swift in Sources */ = {isa = PBXBuildFile; fileRef = C88EEA9C24E9E2B800155CBC /* JSONCoreDataManager.swift */; };
		C88EEA9E24E9E2B800155CBC /* JSONCoreDataManager.swift in Sources */ = {isa = PBXBuildFile; fileRef = C88EEA9C24E9E2B800155CBC /* JSONCoreDataManager.swift */; };
		C88EEAA024E9EFDB00155CBC /* CharacterLoadingListItem.swift in Sources */ = {isa = PBXBuildFile; fileRef = C88EEA9F24E9EFDB00155CBC /* CharacterLoadingListItem.swift */; };
		C89295F42538BA0200F1BA30 /* MediumNotableRaid.swift in Sources */ = {isa = PBXBuildFile; fileRef = C89295F32538BA0200F1BA30 /* MediumNotableRaid.swift */; };
		C89295F52538BA0200F1BA30 /* MediumNotableRaid.swift in Sources */ = {isa = PBXBuildFile; fileRef = C89295F32538BA0200F1BA30 /* MediumNotableRaid.swift */; };
		C89296032538CF2800F1BA30 /* InstancePlaceholderTile.swift in Sources */ = {isa = PBXBuildFile; fileRef = C89296022538CF2800F1BA30 /* InstancePlaceholderTile.swift */; };
		C89296042538CF2800F1BA30 /* InstancePlaceholderTile.swift in Sources */ = {isa = PBXBuildFile; fileRef = C89296022538CF2800F1BA30 /* InstancePlaceholderTile.swift */; };
		C892960A2538E05400F1BA30 /* MediumNotableLoot.swift in Sources */ = {isa = PBXBuildFile; fileRef = C89296092538E05400F1BA30 /* MediumNotableLoot.swift */; };
		C892960B2538E05400F1BA30 /* MediumNotableLoot.swift in Sources */ = {isa = PBXBuildFile; fileRef = C89296092538E05400F1BA30 /* MediumNotableLoot.swift */; };
		C89296152538E81E00F1BA30 /* ItemIcon.swift in Sources */ = {isa = PBXBuildFile; fileRef = C89296142538E81E00F1BA30 /* ItemIcon.swift */; };
		C89296162538E81E00F1BA30 /* ItemIcon.swift in Sources */ = {isa = PBXBuildFile; fileRef = C89296142538E81E00F1BA30 /* ItemIcon.swift */; };
		C8929624253A123E00F1BA30 /* InstanceNotableItems.swift in Sources */ = {isa = PBXBuildFile; fileRef = C8929623253A123E00F1BA30 /* InstanceNotableItems.swift */; };
		C8929625253A123E00F1BA30 /* InstanceNotableItems.swift in Sources */ = {isa = PBXBuildFile; fileRef = C8929623253A123E00F1BA30 /* InstanceNotableItems.swift */; };
		C892962B253A16AB00F1BA30 /* LargeNotableRaid.swift in Sources */ = {isa = PBXBuildFile; fileRef = C892962A253A16AB00F1BA30 /* LargeNotableRaid.swift */; };
		C892962C253A16AB00F1BA30 /* LargeNotableRaid.swift in Sources */ = {isa = PBXBuildFile; fileRef = C892962A253A16AB00F1BA30 /* LargeNotableRaid.swift */; };
		C8929632253A1C0700F1BA30 /* LargeNotableLoot.swift in Sources */ = {isa = PBXBuildFile; fileRef = C8929631253A1C0700F1BA30 /* LargeNotableLoot.swift */; };
		C8929633253A1C0700F1BA30 /* LargeNotableLoot.swift in Sources */ = {isa = PBXBuildFile; fileRef = C8929631253A1C0700F1BA30 /* LargeNotableLoot.swift */; };
		C8929639253A1D1300F1BA30 /* PlaceHolders.swift in Sources */ = {isa = PBXBuildFile; fileRef = C8929638253A1D1300F1BA30 /* PlaceHolders.swift */; };
		C892963A253A1D1300F1BA30 /* PlaceHolders.swift in Sources */ = {isa = PBXBuildFile; fileRef = C8929638253A1D1300F1BA30 /* PlaceHolders.swift */; };
		C89914C124F8743700DADAB1 /* CharacterMainView.swift in Sources */ = {isa = PBXBuildFile; fileRef = C89914C024F8743600DADAB1 /* CharacterMainView.swift */; };
		C89914C224F8743700DADAB1 /* CharacterMainView.swift in Sources */ = {isa = PBXBuildFile; fileRef = C89914C024F8743600DADAB1 /* CharacterMainView.swift */; };
		C89914C424F992B200DADAB1 /* RaidFarmingCollection.swift in Sources */ = {isa = PBXBuildFile; fileRef = C89914C324F992B200DADAB1 /* RaidFarmingCollection.swift */; };
		C89914C524F992B200DADAB1 /* RaidFarmingCollection.swift in Sources */ = {isa = PBXBuildFile; fileRef = C89914C324F992B200DADAB1 /* RaidFarmingCollection.swift */; };
		C8B14257251D0656004F982B /* textures.xcassets in Resources */ = {isa = PBXBuildFile; fileRef = C8B14256251D0656004F982B /* textures.xcassets */; };
		C8B14258251D0656004F982B /* textures.xcassets in Resources */ = {isa = PBXBuildFile; fileRef = C8B14256251D0656004F982B /* textures.xcassets */; };
		C8B14265251D5653004F982B /* NavListSectionHeader.swift in Sources */ = {isa = PBXBuildFile; fileRef = C8B14264251D5653004F982B /* NavListSectionHeader.swift */; };
		C8B14266251D5653004F982B /* NavListSectionHeader.swift in Sources */ = {isa = PBXBuildFile; fileRef = C8B14264251D5653004F982B /* NavListSectionHeader.swift */; };
		C8B1426C251D61CB004F982B /* DefaultListItemBackground.swift in Sources */ = {isa = PBXBuildFile; fileRef = C8B1426B251D61CB004F982B /* DefaultListItemBackground.swift */; };
		C8B1426D251D61CB004F982B /* DefaultListItemBackground.swift in Sources */ = {isa = PBXBuildFile; fileRef = C8B1426B251D61CB004F982B /* DefaultListItemBackground.swift */; };
		C8BB333425030DC8003E105F /* RaidOptions.swift in Sources */ = {isa = PBXBuildFile; fileRef = C8BB333325030DC8003E105F /* RaidOptions.swift */; };
		C8BB333525030DC8003E105F /* RaidOptions.swift in Sources */ = {isa = PBXBuildFile; fileRef = C8BB333325030DC8003E105F /* RaidOptions.swift */; };
		C8BB333725030E07003E105F /* RaidOptionsListItem.swift in Sources */ = {isa = PBXBuildFile; fileRef = C8BB333625030E07003E105F /* RaidOptionsListItem.swift */; };
		C8BB333825030E07003E105F /* RaidOptionsListItem.swift in Sources */ = {isa = PBXBuildFile; fileRef = C8BB333625030E07003E105F /* RaidOptionsListItem.swift */; };
		C8BB333A25031D08003E105F /* FarmCollectionsOrder.swift in Sources */ = {isa = PBXBuildFile; fileRef = C8BB333925031D08003E105F /* FarmCollectionsOrder.swift */; };
		C8BB333B25031D08003E105F /* FarmCollectionsOrder.swift in Sources */ = {isa = PBXBuildFile; fileRef = C8BB333925031D08003E105F /* FarmCollectionsOrder.swift */; };
		C8D58901252BB715008FAA3F /* SummaryMain.swift in Sources */ = {isa = PBXBuildFile; fileRef = C8D58900252BB715008FAA3F /* SummaryMain.swift */; };
		C8D5890B252CF656008FAA3F /* DataLoadingInfo.swift in Sources */ = {isa = PBXBuildFile; fileRef = C8D5890A252CF656008FAA3F /* DataLoadingInfo.swift */; };
		C8D58911252D286A008FAA3F /* SingleCharacterSummary.swift in Sources */ = {isa = PBXBuildFile; fileRef = C8D58910252D286A008FAA3F /* SingleCharacterSummary.swift */; };
		C8D58917252E3406008FAA3F /* CharacterImage.swift in Sources */ = {isa = PBXBuildFile; fileRef = C8D58916252E3406008FAA3F /* CharacterImage.swift */; };
		C8D58921252E707D008FAA3F /* NoFarmingLeft.swift in Sources */ = {isa = PBXBuildFile; fileRef = C8D58920252E707D008FAA3F /* NoFarmingLeft.swift */; };
		C8D58930253338E8008FAA3F /* BackgroundTexture.swift in Sources */ = {isa = PBXBuildFile; fileRef = C8D5892F253338E8008FAA3F /* BackgroundTexture.swift */; };
		C8D5893E25338464008FAA3F /* WhiteTextWithBlackOutline.swift in Sources */ = {isa = PBXBuildFile; fileRef = C8D5893D25338464008FAA3F /* WhiteTextWithBlackOutline.swift */; };
		C8E4D71924F2A5A500EDAC85 /* InstanceTile.swift in Sources */ = {isa = PBXBuildFile; fileRef = C8E4D71824F2A5A500EDAC85 /* InstanceTile.swift */; };
		C8E4D71A24F2A5A500EDAC85 /* InstanceTile.swift in Sources */ = {isa = PBXBuildFile; fileRef = C8E4D71824F2A5A500EDAC85 /* InstanceTile.swift */; };
		C8E4D71C24F2BDD200EDAC85 /* BlizzardMediaFormat.swift in Sources */ = {isa = PBXBuildFile; fileRef = C8E4D71B24F2BDD200EDAC85 /* BlizzardMediaFormat.swift */; };
		C8E4D71D24F2BDD200EDAC85 /* BlizzardMediaFormat.swift in Sources */ = {isa = PBXBuildFile; fileRef = C8E4D71B24F2BDD200EDAC85 /* BlizzardMediaFormat.swift */; };
		C8E6D7E2252A8613005F0918 /* SummaryListItem.swift in Sources */ = {isa = PBXBuildFile; fileRef = C8E6D7E1252A8613005F0918 /* SummaryListItem.swift */; };
		C8E6D7E3252A8613005F0918 /* SummaryListItem.swift in Sources */ = {isa = PBXBuildFile; fileRef = C8E6D7E1252A8613005F0918 /* SummaryListItem.swift */; };
		C8EA5407253633AA002D88B6 /* WhiteTextWithBlackOutline.swift in Sources */ = {isa = PBXBuildFile; fileRef = C8D5893D25338464008FAA3F /* WhiteTextWithBlackOutline.swift */; };
		C8EA540C253633AE002D88B6 /* SummaryMain.swift in Sources */ = {isa = PBXBuildFile; fileRef = C8D58900252BB715008FAA3F /* SummaryMain.swift */; };
		C8EA5411253633B2002D88B6 /* SingleCharacterSummary.swift in Sources */ = {isa = PBXBuildFile; fileRef = C8D58910252D286A008FAA3F /* SingleCharacterSummary.swift */; };
		C8EA5416253633B6002D88B6 /* NoFarmingLeft.swift in Sources */ = {isa = PBXBuildFile; fileRef = C8D58920252E707D008FAA3F /* NoFarmingLeft.swift */; };
		C8EA541B253633D4002D88B6 /* BackgroundTexture.swift in Sources */ = {isa = PBXBuildFile; fileRef = C8D5892F253338E8008FAA3F /* BackgroundTexture.swift */; };
		C8EA5420253633E1002D88B6 /* CharacterImage.swift in Sources */ = {isa = PBXBuildFile; fileRef = C8D58916252E3406008FAA3F /* CharacterImage.swift */; };
		C8EA54252536341C002D88B6 /* DataLoadingInfo.swift in Sources */ = {isa = PBXBuildFile; fileRef = C8D5890A252CF656008FAA3F /* DataLoadingInfo.swift */; };
		C8EA542F2536E6DC002D88B6 /* SummaryOfNotableRaids.swift in Sources */ = {isa = PBXBuildFile; fileRef = C8EA542E2536E6DC002D88B6 /* SummaryOfNotableRaids.swift */; };
		C8EA54302536E6DC002D88B6 /* SummaryOfNotableRaids.swift in Sources */ = {isa = PBXBuildFile; fileRef = C8EA542E2536E6DC002D88B6 /* SummaryOfNotableRaids.swift */; };
		C8EA543A2537BD56002D88B6 /* SmallNotableRaid.swift in Sources */ = {isa = PBXBuildFile; fileRef = C8EA54392537BD56002D88B6 /* SmallNotableRaid.swift */; };
		C8EA543B2537BD56002D88B6 /* SmallNotableRaid.swift in Sources */ = {isa = PBXBuildFile; fileRef = C8EA54392537BD56002D88B6 /* SmallNotableRaid.swift */; };
		C8F942D924EDAC1600B6222C /* LogOutListItem.swift in Sources */ = {isa = PBXBuildFile; fileRef = C8F942D824EDAC1600B6222C /* LogOutListItem.swift */; };
		C8F942DB24EDB54000B6222C /* LogOutDebugScreen.swift in Sources */ = {isa = PBXBuildFile; fileRef = C8F942DA24EDB54000B6222C /* LogOutDebugScreen.swift */; };
		C8F942DD24EDB65C00B6222C /* DataHealthScreen.swift in Sources */ = {isa = PBXBuildFile; fileRef = C8F942DC24EDB65C00B6222C /* DataHealthScreen.swift */; };
		C8F942DF24EDB8DB00B6222C /* ExpansionIndex.swift in Sources */ = {isa = PBXBuildFile; fileRef = C8F942DE24EDB8DB00B6222C /* ExpansionIndex.swift */; };
		C8F942E124EDC02900B6222C /* ExpansionJournal.swift in Sources */ = {isa = PBXBuildFile; fileRef = C8F942E024EDC02900B6222C /* ExpansionJournal.swift */; };
		C8F942E324EF024600B6222C /* GameData.swift in Sources */ = {isa = PBXBuildFile; fileRef = C8F942E224EF024600B6222C /* GameData.swift */; };
		C8F942E424EF025600B6222C /* GameData.swift in Sources */ = {isa = PBXBuildFile; fileRef = C8F942E224EF024600B6222C /* GameData.swift */; };
		C8F942E524EF025600B6222C /* ExpansionJournal.swift in Sources */ = {isa = PBXBuildFile; fileRef = C8F942E024EDC02900B6222C /* ExpansionJournal.swift */; };
		C8F942E624EF025600B6222C /* ExpansionIndex.swift in Sources */ = {isa = PBXBuildFile; fileRef = C8F942DE24EDB8DB00B6222C /* ExpansionIndex.swift */; };
		C8F942E724EF027300B6222C /* CharacterListItem.swift in Sources */ = {isa = PBXBuildFile; fileRef = C831CC3924E7296A00C25F67 /* CharacterListItem.swift */; };
		C8F942E824EF027700B6222C /* CharacterLoadingListItem.swift in Sources */ = {isa = PBXBuildFile; fileRef = C88EEA9F24E9EFDB00155CBC /* CharacterLoadingListItem.swift */; };
		C8F942E924EF027900B6222C /* LogOutListItem.swift in Sources */ = {isa = PBXBuildFile; fileRef = C8F942D824EDAC1600B6222C /* LogOutListItem.swift */; };
		C8F942EA24EF027C00B6222C /* LogOutDebugScreen.swift in Sources */ = {isa = PBXBuildFile; fileRef = C8F942DA24EDB54000B6222C /* LogOutDebugScreen.swift */; };
		C8F942EB24EF028100B6222C /* DataHealthScreen.swift in Sources */ = {isa = PBXBuildFile; fileRef = C8F942DC24EDB65C00B6222C /* DataHealthScreen.swift */; };
		C8F942F424EF1D2500B6222C /* SecretOAuth.swift in Sources */ = {isa = PBXBuildFile; fileRef = C8F942F324EF1D2500B6222C /* SecretOAuth.swift */; };
		C8F942F524EF1D2500B6222C /* SecretOAuth.swift in Sources */ = {isa = PBXBuildFile; fileRef = C8F942F324EF1D2500B6222C /* SecretOAuth.swift */; };
		C8FFADAB2525533900465313 /* StaticStrings.swift in Sources */ = {isa = PBXBuildFile; fileRef = C8FFADAA2525533900465313 /* StaticStrings.swift */; };
		C8FFADAC2525533900465313 /* StaticStrings.swift in Sources */ = {isa = PBXBuildFile; fileRef = C8FFADAA2525533900465313 /* StaticStrings.swift */; };
/* End PBXBuildFile section */

/* Begin PBXContainerItemProxy section */
		C811E77824E01B1F0050F6CD /* PBXContainerItemProxy */ = {
			isa = PBXContainerItemProxy;
			containerPortal = C811E75B24E01B1E0050F6CD /* Project object */;
			proxyType = 1;
			remoteGlobalIDString = C811E76624E01B1F0050F6CD;
			remoteInfo = "WoWWidget (iOS)";
		};
		C811E78324E01B1F0050F6CD /* PBXContainerItemProxy */ = {
			isa = PBXContainerItemProxy;
			containerPortal = C811E75B24E01B1E0050F6CD /* Project object */;
			proxyType = 1;
			remoteGlobalIDString = C811E76E24E01B1F0050F6CD;
			remoteInfo = "WoWWidget (macOS)";
		};
/* End PBXContainerItemProxy section */

/* Begin PBXFileReference section */
		C803C5D224FC57B800A8D2DE /* CharacterRaidEncounters.swift */ = {isa = PBXFileReference; lastKnownFileType = sourcecode.swift; path = CharacterRaidEncounters.swift; sourceTree = "<group>"; };
		C803C5D524FD81ED00A8D2DE /* CombinedRaidWithEncounters.swift */ = {isa = PBXFileReference; lastKnownFileType = sourcecode.swift; path = CombinedRaidWithEncounters.swift; sourceTree = "<group>"; };
		C803C5D824FEF18C00A8D2DE /* RaidDataHelper.swift */ = {isa = PBXFileReference; lastKnownFileType = sourcecode.swift; path = RaidDataHelper.swift; sourceTree = "<group>"; };
		C803C5DB24FEF1D700A8D2DE /* RaidDataFilledAndSorted.swift */ = {isa = PBXFileReference; lastKnownFileType = sourcecode.swift; path = RaidDataFilledAndSorted.swift; sourceTree = "<group>"; };
		C803C5DE250070C300A8D2DE /* WrapperForRaidOptions.swift */ = {isa = PBXFileReference; lastKnownFileType = sourcecode.swift; path = WrapperForRaidOptions.swift; sourceTree = "<group>"; };
		C803C5E125007B8800A8D2DE /* RaidFarmHeader.swift */ = {isa = PBXFileReference; lastKnownFileType = sourcecode.swift; path = RaidFarmHeader.swift; sourceTree = "<group>"; };
		C806FA512501A7B2006DEF78 /* CharacterRaidTile.swift */ = {isa = PBXFileReference; lastKnownFileType = sourcecode.swift; path = CharacterRaidTile.swift; sourceTree = "<group>"; };
		C806FA542501AAE1006DEF78 /* RaidTileBackground.swift */ = {isa = PBXFileReference; lastKnownFileType = sourcecode.swift; path = RaidTileBackground.swift; sourceTree = "<group>"; };
		C811E76024E01B1E0050F6CD /* WoWHelperApp.swift */ = {isa = PBXFileReference; lastKnownFileType = sourcecode.swift; path = WoWHelperApp.swift; sourceTree = "<group>"; };
		C811E76124E01B1E0050F6CD /* AuthCheckingScreen.swift */ = {isa = PBXFileReference; lastKnownFileType = sourcecode.swift; path = AuthCheckingScreen.swift; sourceTree = "<group>"; };
		C811E76224E01B1F0050F6CD /* Assets.xcassets */ = {isa = PBXFileReference; lastKnownFileType = folder.assetcatalog; path = Assets.xcassets; sourceTree = "<group>"; };
		C811E76724E01B1F0050F6CD /* WoW Helper.app */ = {isa = PBXFileReference; explicitFileType = wrapper.application; includeInIndex = 0; path = "WoW Helper.app"; sourceTree = BUILT_PRODUCTS_DIR; };
		C811E76A24E01B1F0050F6CD /* Info.plist */ = {isa = PBXFileReference; lastKnownFileType = text.plist.xml; path = Info.plist; sourceTree = "<group>"; };
		C811E76F24E01B1F0050F6CD /* WoW Helper.app */ = {isa = PBXFileReference; explicitFileType = wrapper.application; includeInIndex = 0; path = "WoW Helper.app"; sourceTree = BUILT_PRODUCTS_DIR; };
		C811E77124E01B1F0050F6CD /* Info.plist */ = {isa = PBXFileReference; lastKnownFileType = text.plist.xml; path = Info.plist; sourceTree = "<group>"; };
		C811E77224E01B1F0050F6CD /* macOS.entitlements */ = {isa = PBXFileReference; lastKnownFileType = text.plist.entitlements; path = macOS.entitlements; sourceTree = "<group>"; };
		C811E77724E01B1F0050F6CD /* Tests iOS.xctest */ = {isa = PBXFileReference; explicitFileType = wrapper.cfbundle; includeInIndex = 0; path = "Tests iOS.xctest"; sourceTree = BUILT_PRODUCTS_DIR; };
		C811E77B24E01B1F0050F6CD /* Tests_iOS.swift */ = {isa = PBXFileReference; lastKnownFileType = sourcecode.swift; path = Tests_iOS.swift; sourceTree = "<group>"; };
		C811E77D24E01B1F0050F6CD /* Info.plist */ = {isa = PBXFileReference; lastKnownFileType = text.plist.xml; path = Info.plist; sourceTree = "<group>"; };
		C811E78224E01B1F0050F6CD /* Tests macOS.xctest */ = {isa = PBXFileReference; explicitFileType = wrapper.cfbundle; includeInIndex = 0; path = "Tests macOS.xctest"; sourceTree = BUILT_PRODUCTS_DIR; };
		C811E78624E01B1F0050F6CD /* Tests_macOS.swift */ = {isa = PBXFileReference; lastKnownFileType = sourcecode.swift; path = Tests_macOS.swift; sourceTree = "<group>"; };
		C811E78824E01B1F0050F6CD /* Info.plist */ = {isa = PBXFileReference; lastKnownFileType = text.plist.xml; path = Info.plist; sourceTree = "<group>"; };
		C811E7A324E01DC30050F6CD /* APIAccessInfo.swift */ = {isa = PBXFileReference; lastKnownFileType = sourcecode.swift; path = APIAccessInfo.swift; sourceTree = "<group>"; };
		C811E7A624E05FBE0050F6CD /* AuthInfo.swift */ = {isa = PBXFileReference; lastKnownFileType = sourcecode.swift; path = AuthInfo.swift; sourceTree = "<group>"; };
		C811E7AA24E0A3690050F6CD /* Authentication.swift */ = {isa = PBXFileReference; lastKnownFileType = sourcecode.swift; path = Authentication.swift; sourceTree = "<group>"; };
		C818B1CD2520D9B000ED06B7 /* LocalizedName.swift */ = {isa = PBXFileReference; lastKnownFileType = sourcecode.swift; path = LocalizedName.swift; sourceTree = "<group>"; };
		C818B1D42520EE6800ED06B7 /* JournalEncounterSearch.swift */ = {isa = PBXFileReference; lastKnownFileType = sourcecode.swift; path = JournalEncounterSearch.swift; sourceTree = "<group>"; };
		C818B1DB2521060D00ED06B7 /* NotableItemsInRaid.swift */ = {isa = PBXFileReference; lastKnownFileType = sourcecode.swift; path = NotableItemsInRaid.swift; sourceTree = "<group>"; };
		C818B1E32522A41D00ED06B7 /* FarmingOrder.swift */ = {isa = PBXFileReference; lastKnownFileType = sourcecode.swift; path = FarmingOrder.swift; sourceTree = "<group>"; };
		C818B1EE2523ADA400ED06B7 /* RaidsData.swift */ = {isa = PBXFileReference; lastKnownFileType = sourcecode.swift; path = RaidsData.swift; sourceTree = "<group>"; };
		C831CC3924E7296A00C25F67 /* CharacterListItem.swift */ = {isa = PBXFileReference; lastKnownFileType = sourcecode.swift; path = CharacterListItem.swift; sourceTree = "<group>"; };
		C831CC4624E7355500C25F67 /* CharacterMedia.swift */ = {isa = PBXFileReference; lastKnownFileType = sourcecode.swift; path = CharacterMedia.swift; sourceTree = "<group>"; };
		C831CC4E24E8974100C25F67 /* MyData.xcdatamodel */ = {isa = PBXFileReference; lastKnownFileType = wrapper.xcdatamodel; path = MyData.xcdatamodel; sourceTree = "<group>"; };
		C831CC5224E89A0200C25F67 /* CoreDataImagesManager.swift */ = {isa = PBXFileReference; lastKnownFileType = sourcecode.swift; path = CoreDataImagesManager.swift; sourceTree = "<group>"; };
		C835226E2502379900A5D90D /* BackgroundBlurs.swift */ = {isa = PBXFileReference; lastKnownFileType = sourcecode.swift; path = BackgroundBlurs.swift; sourceTree = "<group>"; };
		C83AF6D1253F95260027AF80 /* Collections.swift */ = {isa = PBXFileReference; lastKnownFileType = sourcecode.swift; path = Collections.swift; sourceTree = "<group>"; };
		C8490D9D2548E03D0029F492 /* IgnoredCharactersRestore.swift */ = {isa = PBXFileReference; lastKnownFileType = sourcecode.swift; path = IgnoredCharactersRestore.swift; sourceTree = "<group>"; };
		C84996262517B837007D1762 /* CollectibleItems.swift */ = {isa = PBXFileReference; lastKnownFileType = sourcecode.swift; path = CollectibleItems.swift; sourceTree = "<group>"; };
		C84996382517CBBA007D1762 /* RaidDetails.swift */ = {isa = PBXFileReference; lastKnownFileType = sourcecode.swift; path = RaidDetails.swift; sourceTree = "<group>"; };
		C849968625191ED7007D1762 /* CharacterListItemBackground.swift */ = {isa = PBXFileReference; lastKnownFileType = sourcecode.swift; path = CharacterListItemBackground.swift; sourceTree = "<group>"; };
		C84B82F624E5FD65006E84FA /* MainScreen.swift */ = {isa = PBXFileReference; lastKnownFileType = sourcecode.swift; path = MainScreen.swift; sourceTree = "<group>"; };
		C84B82F924E5FF56006E84FA /* UserProfile.swift */ = {isa = PBXFileReference; lastKnownFileType = sourcecode.swift; path = UserProfile.swift; sourceTree = "<group>"; };
		C850599F2560888E0083FEEA /* InitialControls.swift */ = {isa = PBXFileReference; lastKnownFileType = sourcecode.swift; path = InitialControls.swift; sourceTree = "<group>"; };
		C85059AA25608ACC0083FEEA /* LoadingCharacters.swift */ = {isa = PBXFileReference; lastKnownFileType = sourcecode.swift; path = LoadingCharacters.swift; sourceTree = "<group>"; };
		C85059B125608E470083FEEA /* SortingCharacters.swift */ = {isa = PBXFileReference; lastKnownFileType = sourcecode.swift; path = SortingCharacters.swift; sourceTree = "<group>"; };
		C85059B825608EC50083FEEA /* LoadingCollectibles.swift */ = {isa = PBXFileReference; lastKnownFileType = sourcecode.swift; path = LoadingCollectibles.swift; sourceTree = "<group>"; };
		C85059BF25608F840083FEEA /* LoadingExpansions.swift */ = {isa = PBXFileReference; lastKnownFileType = sourcecode.swift; path = LoadingExpansions.swift; sourceTree = "<group>"; };
		C85059C6256090310083FEEA /* LoadingRaids.swift */ = {isa = PBXFileReference; lastKnownFileType = sourcecode.swift; path = LoadingRaids.swift; sourceTree = "<group>"; };
		C85059CD2560915B0083FEEA /* LoadingRaidEncounters.swift */ = {isa = PBXFileReference; lastKnownFileType = sourcecode.swift; path = LoadingRaidEncounters.swift; sourceTree = "<group>"; };
		C85059D4256092430083FEEA /* LoadingCharacterEncounters.swift */ = {isa = PBXFileReference; lastKnownFileType = sourcecode.swift; path = LoadingCharacterEncounters.swift; sourceTree = "<group>"; };
		C85059DB256092AB0083FEEA /* CharacterEncountersReloading.swift */ = {isa = PBXFileReference; lastKnownFileType = sourcecode.swift; path = CharacterEncountersReloading.swift; sourceTree = "<group>"; };
		C85059E2256093910083FEEA /* SavingAvatars.swift */ = {isa = PBXFileReference; lastKnownFileType = sourcecode.swift; path = SavingAvatars.swift; sourceTree = "<group>"; };
		C85059E9256093CA0083FEEA /* SavingRaidsBackgrounds.swift */ = {isa = PBXFileReference; lastKnownFileType = sourcecode.swift; path = SavingRaidsBackgrounds.swift; sourceTree = "<group>"; };
		C85059F4256153680083FEEA /* RaidSuggestion.swift */ = {isa = PBXFileReference; lastKnownFileType = sourcecode.swift; path = RaidSuggestion.swift; sourceTree = "<group>"; };
		C8665E6424F066DF0043A23C /* GameDataLoader.swift */ = {isa = PBXFileReference; lastKnownFileType = sourcecode.swift; path = GameDataLoader.swift; sourceTree = "<group>"; };
		C8665E6724F1DF980043A23C /* InstanceJournal.swift */ = {isa = PBXFileReference; lastKnownFileType = sourcecode.swift; path = InstanceJournal.swift; sourceTree = "<group>"; };
		C86A6B86253CD13900784F6C /* CreditsListItem.swift */ = {isa = PBXFileReference; lastKnownFileType = sourcecode.swift; path = CreditsListItem.swift; sourceTree = "<group>"; };
		C86A6B8D253CD1A600784F6C /* Credits.swift */ = {isa = PBXFileReference; lastKnownFileType = sourcecode.swift; path = Credits.swift; sourceTree = "<group>"; };
		C874D5CD24F2926A0006B210 /* ExpansionGameDataPreview.swift */ = {isa = PBXFileReference; lastKnownFileType = sourcecode.swift; path = ExpansionGameDataPreview.swift; sourceTree = "<group>"; };
		C8770B1725633ACE00CE4BAC /* PreparingRaidSuggestions.swift */ = {isa = PBXFileReference; lastKnownFileType = sourcecode.swift; path = PreparingRaidSuggestions.swift; sourceTree = "<group>"; };
		C8770B1E2565BC8300CE4BAC /* StoredCharacterImage.swift */ = {isa = PBXFileReference; lastKnownFileType = sourcecode.swift; path = StoredCharacterImage.swift; sourceTree = "<group>"; };
		C8770B292565CB0F00CE4BAC /* StoredRaidTileBackground.swift */ = {isa = PBXFileReference; lastKnownFileType = sourcecode.swift; path = StoredRaidTileBackground.swift; sourceTree = "<group>"; };
		C8770B302565CF8F00CE4BAC /* StoredItemIcon.swift */ = {isa = PBXFileReference; lastKnownFileType = sourcecode.swift; path = StoredItemIcon.swift; sourceTree = "<group>"; };
		C887120E24E4A01200C0A0ED /* LoginScreen.swift */ = {isa = PBXFileReference; lastKnownFileType = sourcecode.swift; path = LoginScreen.swift; sourceTree = "<group>"; };
		C88EEA9C24E9E2B800155CBC /* JSONCoreDataManager.swift */ = {isa = PBXFileReference; lastKnownFileType = sourcecode.swift; path = JSONCoreDataManager.swift; sourceTree = "<group>"; };
		C88EEA9F24E9EFDB00155CBC /* CharacterLoadingListItem.swift */ = {isa = PBXFileReference; lastKnownFileType = sourcecode.swift; path = CharacterLoadingListItem.swift; sourceTree = "<group>"; };
		C89295F32538BA0200F1BA30 /* MediumNotableRaid.swift */ = {isa = PBXFileReference; lastKnownFileType = sourcecode.swift; path = MediumNotableRaid.swift; sourceTree = "<group>"; };
		C89296022538CF2800F1BA30 /* InstancePlaceholderTile.swift */ = {isa = PBXFileReference; lastKnownFileType = sourcecode.swift; path = InstancePlaceholderTile.swift; sourceTree = "<group>"; };
		C89296092538E05400F1BA30 /* MediumNotableLoot.swift */ = {isa = PBXFileReference; lastKnownFileType = sourcecode.swift; path = MediumNotableLoot.swift; sourceTree = "<group>"; };
		C89296142538E81E00F1BA30 /* ItemIcon.swift */ = {isa = PBXFileReference; lastKnownFileType = sourcecode.swift; path = ItemIcon.swift; sourceTree = "<group>"; };
		C8929623253A123E00F1BA30 /* InstanceNotableItems.swift */ = {isa = PBXFileReference; lastKnownFileType = sourcecode.swift; path = InstanceNotableItems.swift; sourceTree = "<group>"; };
		C892962A253A16AB00F1BA30 /* LargeNotableRaid.swift */ = {isa = PBXFileReference; lastKnownFileType = sourcecode.swift; path = LargeNotableRaid.swift; sourceTree = "<group>"; };
		C8929631253A1C0700F1BA30 /* LargeNotableLoot.swift */ = {isa = PBXFileReference; lastKnownFileType = sourcecode.swift; path = LargeNotableLoot.swift; sourceTree = "<group>"; };
		C8929638253A1D1300F1BA30 /* PlaceHolders.swift */ = {isa = PBXFileReference; lastKnownFileType = sourcecode.swift; path = PlaceHolders.swift; sourceTree = "<group>"; };
		C89914C024F8743600DADAB1 /* CharacterMainView.swift */ = {isa = PBXFileReference; lastKnownFileType = sourcecode.swift; path = CharacterMainView.swift; sourceTree = "<group>"; };
		C89914C324F992B200DADAB1 /* RaidFarmingCollection.swift */ = {isa = PBXFileReference; lastKnownFileType = sourcecode.swift; path = RaidFarmingCollection.swift; sourceTree = "<group>"; };
		C8B14256251D0656004F982B /* textures.xcassets */ = {isa = PBXFileReference; lastKnownFileType = folder.assetcatalog; path = textures.xcassets; sourceTree = "<group>"; };
		C8B14264251D5653004F982B /* NavListSectionHeader.swift */ = {isa = PBXFileReference; lastKnownFileType = sourcecode.swift; path = NavListSectionHeader.swift; sourceTree = "<group>"; };
		C8B1426B251D61CB004F982B /* DefaultListItemBackground.swift */ = {isa = PBXFileReference; lastKnownFileType = sourcecode.swift; path = DefaultListItemBackground.swift; sourceTree = "<group>"; };
		C8BB333325030DC8003E105F /* RaidOptions.swift */ = {isa = PBXFileReference; lastKnownFileType = sourcecode.swift; path = RaidOptions.swift; sourceTree = "<group>"; };
		C8BB333625030E07003E105F /* RaidOptionsListItem.swift */ = {isa = PBXFileReference; lastKnownFileType = sourcecode.swift; path = RaidOptionsListItem.swift; sourceTree = "<group>"; };
		C8BB333925031D08003E105F /* FarmCollectionsOrder.swift */ = {isa = PBXFileReference; lastKnownFileType = sourcecode.swift; path = FarmCollectionsOrder.swift; sourceTree = "<group>"; };
		C8D58900252BB715008FAA3F /* SummaryMain.swift */ = {isa = PBXFileReference; lastKnownFileType = sourcecode.swift; path = SummaryMain.swift; sourceTree = "<group>"; };
		C8D5890A252CF656008FAA3F /* DataLoadingInfo.swift */ = {isa = PBXFileReference; lastKnownFileType = sourcecode.swift; path = DataLoadingInfo.swift; sourceTree = "<group>"; };
		C8D58910252D286A008FAA3F /* SingleCharacterSummary.swift */ = {isa = PBXFileReference; lastKnownFileType = sourcecode.swift; path = SingleCharacterSummary.swift; sourceTree = "<group>"; };
		C8D58916252E3406008FAA3F /* CharacterImage.swift */ = {isa = PBXFileReference; lastKnownFileType = sourcecode.swift; path = CharacterImage.swift; sourceTree = "<group>"; };
		C8D58920252E707D008FAA3F /* NoFarmingLeft.swift */ = {isa = PBXFileReference; lastKnownFileType = sourcecode.swift; path = NoFarmingLeft.swift; sourceTree = "<group>"; };
		C8D5892F253338E8008FAA3F /* BackgroundTexture.swift */ = {isa = PBXFileReference; lastKnownFileType = sourcecode.swift; path = BackgroundTexture.swift; sourceTree = "<group>"; };
		C8D5893D25338464008FAA3F /* WhiteTextWithBlackOutline.swift */ = {isa = PBXFileReference; lastKnownFileType = sourcecode.swift; path = WhiteTextWithBlackOutline.swift; sourceTree = "<group>"; };
		C8E4D71824F2A5A500EDAC85 /* InstanceTile.swift */ = {isa = PBXFileReference; lastKnownFileType = sourcecode.swift; path = InstanceTile.swift; sourceTree = "<group>"; };
		C8E4D71B24F2BDD200EDAC85 /* BlizzardMediaFormat.swift */ = {isa = PBXFileReference; lastKnownFileType = sourcecode.swift; path = BlizzardMediaFormat.swift; sourceTree = "<group>"; };
		C8E6D7E1252A8613005F0918 /* SummaryListItem.swift */ = {isa = PBXFileReference; lastKnownFileType = sourcecode.swift; path = SummaryListItem.swift; sourceTree = "<group>"; };
		C8EA542E2536E6DC002D88B6 /* SummaryOfNotableRaids.swift */ = {isa = PBXFileReference; lastKnownFileType = sourcecode.swift; path = SummaryOfNotableRaids.swift; sourceTree = "<group>"; };
		C8EA54392537BD56002D88B6 /* SmallNotableRaid.swift */ = {isa = PBXFileReference; lastKnownFileType = sourcecode.swift; path = SmallNotableRaid.swift; sourceTree = "<group>"; };
		C8F942D824EDAC1600B6222C /* LogOutListItem.swift */ = {isa = PBXFileReference; lastKnownFileType = sourcecode.swift; path = LogOutListItem.swift; sourceTree = "<group>"; };
		C8F942DA24EDB54000B6222C /* LogOutDebugScreen.swift */ = {isa = PBXFileReference; lastKnownFileType = sourcecode.swift; path = LogOutDebugScreen.swift; sourceTree = "<group>"; };
		C8F942DC24EDB65C00B6222C /* DataHealthScreen.swift */ = {isa = PBXFileReference; lastKnownFileType = sourcecode.swift; path = DataHealthScreen.swift; sourceTree = "<group>"; };
		C8F942DE24EDB8DB00B6222C /* ExpansionIndex.swift */ = {isa = PBXFileReference; lastKnownFileType = sourcecode.swift; path = ExpansionIndex.swift; sourceTree = "<group>"; };
		C8F942E024EDC02900B6222C /* ExpansionJournal.swift */ = {isa = PBXFileReference; lastKnownFileType = sourcecode.swift; path = ExpansionJournal.swift; sourceTree = "<group>"; };
		C8F942E224EF024600B6222C /* GameData.swift */ = {isa = PBXFileReference; lastKnownFileType = sourcecode.swift; path = GameData.swift; sourceTree = "<group>"; };
		C8F942F324EF1D2500B6222C /* SecretOAuth.swift */ = {isa = PBXFileReference; lastKnownFileType = sourcecode.swift; path = SecretOAuth.swift; sourceTree = "<group>"; };
		C8FFADAA2525533900465313 /* StaticStrings.swift */ = {isa = PBXFileReference; lastKnownFileType = sourcecode.swift; path = StaticStrings.swift; sourceTree = "<group>"; };
/* End PBXFileReference section */

/* Begin PBXFrameworksBuildPhase section */
		C811E76424E01B1F0050F6CD /* Frameworks */ = {
			isa = PBXFrameworksBuildPhase;
			buildActionMask = 2147483647;
			files = (
				C811E79F24E01B7B0050F6CD /* OAuth2 in Frameworks */,
				C803C5E92501962800A8D2DE /* VisualEffects in Frameworks */,
			);
			runOnlyForDeploymentPostprocessing = 0;
		};
		C811E76C24E01B1F0050F6CD /* Frameworks */ = {
			isa = PBXFrameworksBuildPhase;
			buildActionMask = 2147483647;
			files = (
				C811E7A224E01C850050F6CD /* OAuth2 in Frameworks */,
				C803C5EB2501964700A8D2DE /* VisualEffects in Frameworks */,
			);
			runOnlyForDeploymentPostprocessing = 0;
		};
		C811E77424E01B1F0050F6CD /* Frameworks */ = {
			isa = PBXFrameworksBuildPhase;
			buildActionMask = 2147483647;
			files = (
			);
			runOnlyForDeploymentPostprocessing = 0;
		};
		C811E77F24E01B1F0050F6CD /* Frameworks */ = {
			isa = PBXFrameworksBuildPhase;
			buildActionMask = 2147483647;
			files = (
			);
			runOnlyForDeploymentPostprocessing = 0;
		};
/* End PBXFrameworksBuildPhase section */

/* Begin PBXGroup section */
		C811E75A24E01B1E0050F6CD = {
			isa = PBXGroup;
			children = (
				C811E75F24E01B1E0050F6CD /* Shared */,
				C811E76924E01B1F0050F6CD /* iOS */,
				C811E77024E01B1F0050F6CD /* macOS */,
				C811E77A24E01B1F0050F6CD /* Tests iOS */,
				C811E78524E01B1F0050F6CD /* Tests macOS */,
				C811E76824E01B1F0050F6CD /* Products */,
				C811E7A024E01C850050F6CD /* Frameworks */,
			);
			sourceTree = "<group>";
		};
		C811E75F24E01B1E0050F6CD /* Shared */ = {
			isa = PBXGroup;
			children = (
				C811E76024E01B1E0050F6CD /* WoWHelperApp.swift */,
				C818B1F52523AF2C00ED06B7 /* BlizzApiData */,
				C831CC5124E8994200C25F67 /* CoreData */,
				C887121424E4B75700C0A0ED /* Authorization */,
				C811E7A924E0A3340050F6CD /* DataModels */,
				C8F942D724EDABFC00B6222C /* NavigationView */,
				C8E4D71E24F31DFA00EDAC85 /* GameDataInfo */,
				C818B1E22522A39200ED06B7 /* Settings */,
				C811E76224E01B1F0050F6CD /* Assets.xcassets */,
				C8D5892E253338C2008FAA3F /* TextureBackgrounds */,
				C849961C25153834007D1762 /* Characters */,
				C8FFADAA2525533900465313 /* StaticStrings.swift */,
				C86A6B8D253CD1A600784F6C /* Credits.swift */,
				C8D5893D25338464008FAA3F /* WhiteTextWithBlackOutline.swift */,
				C8D588FF252BB6F8008FAA3F /* Summary */,
			);
			path = Shared;
			sourceTree = "<group>";
		};
		C811E76824E01B1F0050F6CD /* Products */ = {
			isa = PBXGroup;
			children = (
				C811E76724E01B1F0050F6CD /* WoW Helper.app */,
				C811E76F24E01B1F0050F6CD /* WoW Helper.app */,
				C811E77724E01B1F0050F6CD /* Tests iOS.xctest */,
				C811E78224E01B1F0050F6CD /* Tests macOS.xctest */,
			);
			name = Products;
			sourceTree = "<group>";
		};
		C811E76924E01B1F0050F6CD /* iOS */ = {
			isa = PBXGroup;
			children = (
				C811E76A24E01B1F0050F6CD /* Info.plist */,
			);
			path = iOS;
			sourceTree = "<group>";
		};
		C811E77024E01B1F0050F6CD /* macOS */ = {
			isa = PBXGroup;
			children = (
				C811E77124E01B1F0050F6CD /* Info.plist */,
				C811E77224E01B1F0050F6CD /* macOS.entitlements */,
			);
			path = macOS;
			sourceTree = "<group>";
		};
		C811E77A24E01B1F0050F6CD /* Tests iOS */ = {
			isa = PBXGroup;
			children = (
				C811E77B24E01B1F0050F6CD /* Tests_iOS.swift */,
				C811E77D24E01B1F0050F6CD /* Info.plist */,
			);
			path = "Tests iOS";
			sourceTree = "<group>";
		};
		C811E78524E01B1F0050F6CD /* Tests macOS */ = {
			isa = PBXGroup;
			children = (
				C811E78624E01B1F0050F6CD /* Tests_macOS.swift */,
				C811E78824E01B1F0050F6CD /* Info.plist */,
			);
			path = "Tests macOS";
			sourceTree = "<group>";
		};
		C811E7A024E01C850050F6CD /* Frameworks */ = {
			isa = PBXGroup;
			children = (
			);
			name = Frameworks;
			sourceTree = "<group>";
		};
		C811E7A924E0A3340050F6CD /* DataModels */ = {
			isa = PBXGroup;
			children = (
				C811E7A324E01DC30050F6CD /* APIAccessInfo.swift */,
				C831CC4624E7355500C25F67 /* CharacterMedia.swift */,
				C803C5D224FC57B800A8D2DE /* CharacterRaidEncounters.swift */,
				C8F942DE24EDB8DB00B6222C /* ExpansionIndex.swift */,
				C8F942E024EDC02900B6222C /* ExpansionJournal.swift */,
				C8665E6724F1DF980043A23C /* InstanceJournal.swift */,
				C8E4D71B24F2BDD200EDAC85 /* BlizzardMediaFormat.swift */,
				C84B82F924E5FF56006E84FA /* UserProfile.swift */,
				C803C5D524FD81ED00A8D2DE /* CombinedRaidWithEncounters.swift */,
				C818B1CD2520D9B000ED06B7 /* LocalizedName.swift */,
				C818B1D42520EE6800ED06B7 /* JournalEncounterSearch.swift */,
				C8929623253A123E00F1BA30 /* InstanceNotableItems.swift */,
				C8929638253A1D1300F1BA30 /* PlaceHolders.swift */,
				C83AF6D1253F95260027AF80 /* Collections.swift */,
				C85059F4256153680083FEEA /* RaidSuggestion.swift */,
			);
			path = DataModels;
			sourceTree = "<group>";
		};
		C818B1E22522A39200ED06B7 /* Settings */ = {
			isa = PBXGroup;
			children = (
				C8BB333325030DC8003E105F /* RaidOptions.swift */,
				C818B1E32522A41D00ED06B7 /* FarmingOrder.swift */,
				C8490D9D2548E03D0029F492 /* IgnoredCharactersRestore.swift */,
			);
			path = Settings;
			sourceTree = "<group>";
		};
		C818B1F52523AF2C00ED06B7 /* BlizzApiData */ = {
			isa = PBXGroup;
			children = (
				C84996262517B837007D1762 /* CollectibleItems.swift */,
				C818B1EE2523ADA400ED06B7 /* RaidsData.swift */,
			);
			path = BlizzApiData;
			sourceTree = "<group>";
		};
		C831CC5124E8994200C25F67 /* CoreData */ = {
			isa = PBXGroup;
			children = (
				C831CC4D24E8974100C25F67 /* MyData.xcdatamodeld */,
				C831CC5224E89A0200C25F67 /* CoreDataImagesManager.swift */,
				C88EEA9C24E9E2B800155CBC /* JSONCoreDataManager.swift */,
			);
			path = CoreData;
			sourceTree = "<group>";
		};
		C849961C25153834007D1762 /* Characters */ = {
			isa = PBXGroup;
			children = (
				C8D58916252E3406008FAA3F /* CharacterImage.swift */,
				C8770B1E2565BC8300CE4BAC /* StoredCharacterImage.swift */,
				C89914C024F8743600DADAB1 /* CharacterMainView.swift */,
				C849961D25153876007D1762 /* Raids */,
			);
			path = Characters;
			sourceTree = "<group>";
		};
		C849961D25153876007D1762 /* Raids */ = {
			isa = PBXGroup;
			children = (
				C8BB333925031D08003E105F /* FarmCollectionsOrder.swift */,
				C806FA512501A7B2006DEF78 /* CharacterRaidTile.swift */,
				C8B1428F2520CC7C004F982B /* Details */,
				C803C5DB24FEF1D700A8D2DE /* RaidDataFilledAndSorted.swift */,
				C803C5D824FEF18C00A8D2DE /* RaidDataHelper.swift */,
				C803C5E125007B8800A8D2DE /* RaidFarmHeader.swift */,
				C89914C324F992B200DADAB1 /* RaidFarmingCollection.swift */,
				C806FA542501AAE1006DEF78 /* RaidTileBackground.swift */,
				C835226E2502379900A5D90D /* BackgroundBlurs.swift */,
				C803C5DE250070C300A8D2DE /* WrapperForRaidOptions.swift */,
			);
			path = Raids;
			sourceTree = "<group>";
		};
		C850599E256088290083FEEA /* GameDataClass */ = {
			isa = PBXGroup;
			children = (
				C8F942E224EF024600B6222C /* GameData.swift */,
				C850599F2560888E0083FEEA /* InitialControls.swift */,
				C85059AA25608ACC0083FEEA /* LoadingCharacters.swift */,
				C85059B125608E470083FEEA /* SortingCharacters.swift */,
				C85059B825608EC50083FEEA /* LoadingCollectibles.swift */,
				C85059BF25608F840083FEEA /* LoadingExpansions.swift */,
				C85059C6256090310083FEEA /* LoadingRaids.swift */,
				C85059CD2560915B0083FEEA /* LoadingRaidEncounters.swift */,
				C85059D4256092430083FEEA /* LoadingCharacterEncounters.swift */,
				C8770B1725633ACE00CE4BAC /* PreparingRaidSuggestions.swift */,
				C85059DB256092AB0083FEEA /* CharacterEncountersReloading.swift */,
				C85059E2256093910083FEEA /* SavingAvatars.swift */,
				C85059E9256093CA0083FEEA /* SavingRaidsBackgrounds.swift */,
			);
			path = GameDataClass;
			sourceTree = "<group>";
		};
		C887121424E4B75700C0A0ED /* Authorization */ = {
			isa = PBXGroup;
			children = (
				C811E7A624E05FBE0050F6CD /* AuthInfo.swift */,
				C811E7AA24E0A3690050F6CD /* Authentication.swift */,
				C811E76124E01B1E0050F6CD /* AuthCheckingScreen.swift */,
				C887120E24E4A01200C0A0ED /* LoginScreen.swift */,
				C8F942F324EF1D2500B6222C /* SecretOAuth.swift */,
			);
			path = Authorization;
			sourceTree = "<group>";
		};
		C8B1428F2520CC7C004F982B /* Details */ = {
			isa = PBXGroup;
			children = (
				C84996382517CBBA007D1762 /* RaidDetails.swift */,
				C818B1DB2521060D00ED06B7 /* NotableItemsInRaid.swift */,
			);
			path = Details;
			sourceTree = "<group>";
		};
		C8D588FF252BB6F8008FAA3F /* Summary */ = {
			isa = PBXGroup;
			children = (
				C8D58900252BB715008FAA3F /* SummaryMain.swift */,
				C8EA542E2536E6DC002D88B6 /* SummaryOfNotableRaids.swift */,
				C8EA54392537BD56002D88B6 /* SmallNotableRaid.swift */,
				C89295F32538BA0200F1BA30 /* MediumNotableRaid.swift */,
				C89296092538E05400F1BA30 /* MediumNotableLoot.swift */,
				C892962A253A16AB00F1BA30 /* LargeNotableRaid.swift */,
				C8929631253A1C0700F1BA30 /* LargeNotableLoot.swift */,
				C8D58910252D286A008FAA3F /* SingleCharacterSummary.swift */,
				C8D58920252E707D008FAA3F /* NoFarmingLeft.swift */,
				C89296142538E81E00F1BA30 /* ItemIcon.swift */,
				C8770B302565CF8F00CE4BAC /* StoredItemIcon.swift */,
				C8770B292565CB0F00CE4BAC /* StoredRaidTileBackground.swift */,
			);
			path = Summary;
			sourceTree = "<group>";
		};
		C8D5892E253338C2008FAA3F /* TextureBackgrounds */ = {
			isa = PBXGroup;
			children = (
				C8B14256251D0656004F982B /* textures.xcassets */,
				C8D5892F253338E8008FAA3F /* BackgroundTexture.swift */,
			);
			path = TextureBackgrounds;
			sourceTree = "<group>";
		};
		C8E4D71E24F31DFA00EDAC85 /* GameDataInfo */ = {
			isa = PBXGroup;
			children = (
				C8665E6424F066DF0043A23C /* GameDataLoader.swift */,
				C850599E256088290083FEEA /* GameDataClass */,
				C8E4D71824F2A5A500EDAC85 /* InstanceTile.swift */,
				C89296022538CF2800F1BA30 /* InstancePlaceholderTile.swift */,
				C874D5CD24F2926A0006B210 /* ExpansionGameDataPreview.swift */,
				C8F942DC24EDB65C00B6222C /* DataHealthScreen.swift */,
				C8D5890A252CF656008FAA3F /* DataLoadingInfo.swift */,
			);
			path = GameDataInfo;
			sourceTree = "<group>";
		};
		C8F942D724EDABFC00B6222C /* NavigationView */ = {
			isa = PBXGroup;
			children = (
				C831CC3924E7296A00C25F67 /* CharacterListItem.swift */,
				C8B14264251D5653004F982B /* NavListSectionHeader.swift */,
				C849968625191ED7007D1762 /* CharacterListItemBackground.swift */,
				C8B1426B251D61CB004F982B /* DefaultListItemBackground.swift */,
				C88EEA9F24E9EFDB00155CBC /* CharacterLoadingListItem.swift */,
				C8F942D824EDAC1600B6222C /* LogOutListItem.swift */,
				C84B82F624E5FD65006E84FA /* MainScreen.swift */,
				C8BB333625030E07003E105F /* RaidOptionsListItem.swift */,
				C86A6B86253CD13900784F6C /* CreditsListItem.swift */,
				C8F942DA24EDB54000B6222C /* LogOutDebugScreen.swift */,
				C8E6D7E1252A8613005F0918 /* SummaryListItem.swift */,
			);
			path = NavigationView;
			sourceTree = "<group>";
		};
/* End PBXGroup section */

/* Begin PBXNativeTarget section */
		C811E76624E01B1F0050F6CD /* WoW Helper (iOS) */ = {
			isa = PBXNativeTarget;
			buildConfigurationList = C811E79124E01B1F0050F6CD /* Build configuration list for PBXNativeTarget "WoW Helper (iOS)" */;
			buildPhases = (
				C811E76324E01B1F0050F6CD /* Sources */,
				C811E76424E01B1F0050F6CD /* Frameworks */,
				C811E76524E01B1F0050F6CD /* Resources */,
			);
			buildRules = (
			);
			dependencies = (
			);
			name = "WoW Helper (iOS)";
			packageProductDependencies = (
				C811E79E24E01B7B0050F6CD /* OAuth2 */,
				C803C5E82501962800A8D2DE /* VisualEffects */,
			);
			productName = "WoWWidget (iOS)";
			productReference = C811E76724E01B1F0050F6CD /* WoW Helper.app */;
			productType = "com.apple.product-type.application";
		};
		C811E76E24E01B1F0050F6CD /* WoW Helper (macOS) */ = {
			isa = PBXNativeTarget;
			buildConfigurationList = C811E79424E01B1F0050F6CD /* Build configuration list for PBXNativeTarget "WoW Helper (macOS)" */;
			buildPhases = (
				C811E76B24E01B1F0050F6CD /* Sources */,
				C811E76C24E01B1F0050F6CD /* Frameworks */,
				C811E76D24E01B1F0050F6CD /* Resources */,
			);
			buildRules = (
			);
			dependencies = (
			);
			name = "WoW Helper (macOS)";
			packageProductDependencies = (
				C811E7A124E01C850050F6CD /* OAuth2 */,
				C803C5EA2501964700A8D2DE /* VisualEffects */,
			);
			productName = "WoWWidget (macOS)";
			productReference = C811E76F24E01B1F0050F6CD /* WoW Helper.app */;
			productType = "com.apple.product-type.application";
		};
		C811E77624E01B1F0050F6CD /* Tests iOS */ = {
			isa = PBXNativeTarget;
			buildConfigurationList = C811E79724E01B1F0050F6CD /* Build configuration list for PBXNativeTarget "Tests iOS" */;
			buildPhases = (
				C811E77324E01B1F0050F6CD /* Sources */,
				C811E77424E01B1F0050F6CD /* Frameworks */,
				C811E77524E01B1F0050F6CD /* Resources */,
			);
			buildRules = (
			);
			dependencies = (
				C811E77924E01B1F0050F6CD /* PBXTargetDependency */,
			);
			name = "Tests iOS";
			productName = "Tests iOS";
			productReference = C811E77724E01B1F0050F6CD /* Tests iOS.xctest */;
			productType = "com.apple.product-type.bundle.ui-testing";
		};
		C811E78124E01B1F0050F6CD /* Tests macOS */ = {
			isa = PBXNativeTarget;
			buildConfigurationList = C811E79A24E01B1F0050F6CD /* Build configuration list for PBXNativeTarget "Tests macOS" */;
			buildPhases = (
				C811E77E24E01B1F0050F6CD /* Sources */,
				C811E77F24E01B1F0050F6CD /* Frameworks */,
				C811E78024E01B1F0050F6CD /* Resources */,
			);
			buildRules = (
			);
			dependencies = (
				C811E78424E01B1F0050F6CD /* PBXTargetDependency */,
			);
			name = "Tests macOS";
			productName = "Tests macOS";
			productReference = C811E78224E01B1F0050F6CD /* Tests macOS.xctest */;
			productType = "com.apple.product-type.bundle.ui-testing";
		};
/* End PBXNativeTarget section */

/* Begin PBXProject section */
		C811E75B24E01B1E0050F6CD /* Project object */ = {
			isa = PBXProject;
			attributes = {
				LastSwiftUpdateCheck = 1200;
				LastUpgradeCheck = 1220;
				TargetAttributes = {
					C811E76624E01B1F0050F6CD = {
						CreatedOnToolsVersion = 12.0;
					};
					C811E76E24E01B1F0050F6CD = {
						CreatedOnToolsVersion = 12.0;
					};
					C811E77624E01B1F0050F6CD = {
						CreatedOnToolsVersion = 12.0;
						TestTargetID = C811E76624E01B1F0050F6CD;
					};
					C811E78124E01B1F0050F6CD = {
						CreatedOnToolsVersion = 12.0;
						TestTargetID = C811E76E24E01B1F0050F6CD;
					};
				};
			};
			buildConfigurationList = C811E75E24E01B1E0050F6CD /* Build configuration list for PBXProject "WoW Helper" */;
			compatibilityVersion = "Xcode 12.0";
			developmentRegion = en;
			hasScannedForEncodings = 0;
			knownRegions = (
				en,
				Base,
			);
			mainGroup = C811E75A24E01B1E0050F6CD;
			packageReferences = (
				C811E79D24E01B7B0050F6CD /* XCRemoteSwiftPackageReference "OAuth2" */,
				C803C5E72501962800A8D2DE /* XCRemoteSwiftPackageReference "VisualEffects" */,
			);
			productRefGroup = C811E76824E01B1F0050F6CD /* Products */;
			projectDirPath = "";
			projectRoot = "";
			targets = (
				C811E76624E01B1F0050F6CD /* WoW Helper (iOS) */,
				C811E76E24E01B1F0050F6CD /* WoW Helper (macOS) */,
				C811E77624E01B1F0050F6CD /* Tests iOS */,
				C811E78124E01B1F0050F6CD /* Tests macOS */,
			);
		};
/* End PBXProject section */

/* Begin PBXResourcesBuildPhase section */
		C811E76524E01B1F0050F6CD /* Resources */ = {
			isa = PBXResourcesBuildPhase;
			buildActionMask = 2147483647;
			files = (
				C811E78D24E01B1F0050F6CD /* Assets.xcassets in Resources */,
				C8B14257251D0656004F982B /* textures.xcassets in Resources */,
			);
			runOnlyForDeploymentPostprocessing = 0;
		};
		C811E76D24E01B1F0050F6CD /* Resources */ = {
			isa = PBXResourcesBuildPhase;
			buildActionMask = 2147483647;
			files = (
				C811E78E24E01B1F0050F6CD /* Assets.xcassets in Resources */,
				C8B14258251D0656004F982B /* textures.xcassets in Resources */,
			);
			runOnlyForDeploymentPostprocessing = 0;
		};
		C811E77524E01B1F0050F6CD /* Resources */ = {
			isa = PBXResourcesBuildPhase;
			buildActionMask = 2147483647;
			files = (
			);
			runOnlyForDeploymentPostprocessing = 0;
		};
		C811E78024E01B1F0050F6CD /* Resources */ = {
			isa = PBXResourcesBuildPhase;
			buildActionMask = 2147483647;
			files = (
			);
			runOnlyForDeploymentPostprocessing = 0;
		};
/* End PBXResourcesBuildPhase section */

/* Begin PBXSourcesBuildPhase section */
		C811E76324E01B1F0050F6CD /* Sources */ = {
			isa = PBXSourcesBuildPhase;
			buildActionMask = 2147483647;
			files = (
				C83AF6D2253F95260027AF80 /* Collections.swift in Sources */,
				C8BB333A25031D08003E105F /* FarmCollectionsOrder.swift in Sources */,
				C8BB333425030DC8003E105F /* RaidOptions.swift in Sources */,
				C84996392517CBBA007D1762 /* RaidDetails.swift in Sources */,
				C8EA542F2536E6DC002D88B6 /* SummaryOfNotableRaids.swift in Sources */,
				C803C5D624FD81ED00A8D2DE /* CombinedRaidWithEncounters.swift in Sources */,
				C8F942DF24EDB8DB00B6222C /* ExpansionIndex.swift in Sources */,
				C8D58921252E707D008FAA3F /* NoFarmingLeft.swift in Sources */,
				C849968725191ED7007D1762 /* CharacterListItemBackground.swift in Sources */,
				C8D58917252E3406008FAA3F /* CharacterImage.swift in Sources */,
				C874D5CE24F2926A0006B210 /* ExpansionGameDataPreview.swift in Sources */,
				C831CC4724E7355500C25F67 /* CharacterMedia.swift in Sources */,
				C806FA552501AAE1006DEF78 /* RaidTileBackground.swift in Sources */,
				C8770B312565CF8F00CE4BAC /* StoredItemIcon.swift in Sources */,
				C85059D5256092430083FEEA /* LoadingCharacterEncounters.swift in Sources */,
				C8BB333725030E07003E105F /* RaidOptionsListItem.swift in Sources */,
				C84B82F724E5FD65006E84FA /* MainScreen.swift in Sources */,
				C8D58930253338E8008FAA3F /* BackgroundTexture.swift in Sources */,
				C85059E3256093910083FEEA /* SavingAvatars.swift in Sources */,
				C86A6B87253CD13A00784F6C /* CreditsListItem.swift in Sources */,
				C85059AB25608ACC0083FEEA /* LoadingCharacters.swift in Sources */,
				C85059F5256153680083FEEA /* RaidSuggestion.swift in Sources */,
				C85059DC256092AB0083FEEA /* CharacterEncountersReloading.swift in Sources */,
				C811E7A724E05FBE0050F6CD /* AuthInfo.swift in Sources */,
				C892962B253A16AB00F1BA30 /* LargeNotableRaid.swift in Sources */,
				C85059C025608F840083FEEA /* LoadingExpansions.swift in Sources */,
				C89296152538E81E00F1BA30 /* ItemIcon.swift in Sources */,
				C811E7A424E01DC30050F6CD /* APIAccessInfo.swift in Sources */,
				C8FFADAB2525533900465313 /* StaticStrings.swift in Sources */,
				C803C5D324FC57B800A8D2DE /* CharacterRaidEncounters.swift in Sources */,
				C818B1E42522A41D00ED06B7 /* FarmingOrder.swift in Sources */,
				C8E6D7E2252A8613005F0918 /* SummaryListItem.swift in Sources */,
				C835226F2502379900A5D90D /* BackgroundBlurs.swift in Sources */,
				C89295F42538BA0200F1BA30 /* MediumNotableRaid.swift in Sources */,
				C8770B1F2565BC8300CE4BAC /* StoredCharacterImage.swift in Sources */,
				C803C5DC24FEF1D700A8D2DE /* RaidDataFilledAndSorted.swift in Sources */,
				C8D5893E25338464008FAA3F /* WhiteTextWithBlackOutline.swift in Sources */,
				C89914C124F8743700DADAB1 /* CharacterMainView.swift in Sources */,
				C8929632253A1C0700F1BA30 /* LargeNotableLoot.swift in Sources */,
				C85059B925608EC50083FEEA /* LoadingCollectibles.swift in Sources */,
				C8F942DD24EDB65C00B6222C /* DataHealthScreen.swift in Sources */,
				C8665E6824F1DF980043A23C /* InstanceJournal.swift in Sources */,
				C89914C424F992B200DADAB1 /* RaidFarmingCollection.swift in Sources */,
				C8F942F424EF1D2500B6222C /* SecretOAuth.swift in Sources */,
				C8770B1825633ACE00CE4BAC /* PreparingRaidSuggestions.swift in Sources */,
				C803C5E225007B8800A8D2DE /* RaidFarmHeader.swift in Sources */,
				C8929639253A1D1300F1BA30 /* PlaceHolders.swift in Sources */,
				C811E78B24E01B1F0050F6CD /* AuthCheckingScreen.swift in Sources */,
				C85059C7256090310083FEEA /* LoadingRaids.swift in Sources */,
				C8B1426C251D61CB004F982B /* DefaultListItemBackground.swift in Sources */,
				C8F942D924EDAC1600B6222C /* LogOutListItem.swift in Sources */,
				C8D5890B252CF656008FAA3F /* DataLoadingInfo.swift in Sources */,
				C8B14265251D5653004F982B /* NavListSectionHeader.swift in Sources */,
				C8E4D71924F2A5A500EDAC85 /* InstanceTile.swift in Sources */,
				C8929624253A123E00F1BA30 /* InstanceNotableItems.swift in Sources */,
				C8490D9E2548E03D0029F492 /* IgnoredCharactersRestore.swift in Sources */,
				C8D58911252D286A008FAA3F /* SingleCharacterSummary.swift in Sources */,
				C8F942E124EDC02900B6222C /* ExpansionJournal.swift in Sources */,
				C811E78924E01B1F0050F6CD /* WoWHelperApp.swift in Sources */,
				C892960A2538E05400F1BA30 /* MediumNotableLoot.swift in Sources */,
				C831CC3A24E7296A00C25F67 /* CharacterListItem.swift in Sources */,
				C811E7AB24E0A3690050F6CD /* Authentication.swift in Sources */,
				C84B82FA24E5FF56006E84FA /* UserProfile.swift in Sources */,
				C818B1D52520EE6800ED06B7 /* JournalEncounterSearch.swift in Sources */,
				C8F942E324EF024600B6222C /* GameData.swift in Sources */,
				C831CC4F24E8974100C25F67 /* MyData.xcdatamodeld in Sources */,
				C85059B225608E470083FEEA /* SortingCharacters.swift in Sources */,
				C8665E6524F066DF0043A23C /* GameDataLoader.swift in Sources */,
				C85059EA256093CA0083FEEA /* SavingRaidsBackgrounds.swift in Sources */,
				C803C5DF250070C300A8D2DE /* WrapperForRaidOptions.swift in Sources */,
				C818B1CE2520D9B000ED06B7 /* LocalizedName.swift in Sources */,
				C85059A02560888E0083FEEA /* InitialControls.swift in Sources */,
				C8F942DB24EDB54000B6222C /* LogOutDebugScreen.swift in Sources */,
				C8770B2A2565CB0F00CE4BAC /* StoredRaidTileBackground.swift in Sources */,
				C8EA543A2537BD56002D88B6 /* SmallNotableRaid.swift in Sources */,
				C818B1DC2521060D00ED06B7 /* NotableItemsInRaid.swift in Sources */,
				C818B1EF2523ADA400ED06B7 /* RaidsData.swift in Sources */,
				C803C5D924FEF18C00A8D2DE /* RaidDataHelper.swift in Sources */,
				C88EEAA024E9EFDB00155CBC /* CharacterLoadingListItem.swift in Sources */,
				C8E4D71C24F2BDD200EDAC85 /* BlizzardMediaFormat.swift in Sources */,
				C84996272517B837007D1762 /* CollectibleItems.swift in Sources */,
				C831CC5324E89A0200C25F67 /* CoreDataImagesManager.swift in Sources */,
				C88EEA9D24E9E2B800155CBC /* JSONCoreDataManager.swift in Sources */,
				C85059CE2560915B0083FEEA /* LoadingRaidEncounters.swift in Sources */,
				C89296032538CF2800F1BA30 /* InstancePlaceholderTile.swift in Sources */,
				C806FA522501A7B2006DEF78 /* CharacterRaidTile.swift in Sources */,
				C887120F24E4A01200C0A0ED /* LoginScreen.swift in Sources */,
				C86A6B8E253CD1A600784F6C /* Credits.swift in Sources */,
				C8D58901252BB715008FAA3F /* SummaryMain.swift in Sources */,
			);
			runOnlyForDeploymentPostprocessing = 0;
		};
		C811E76B24E01B1F0050F6CD /* Sources */ = {
			isa = PBXSourcesBuildPhase;
			buildActionMask = 2147483647;
			files = (
				C83AF6D3253F95260027AF80 /* Collections.swift in Sources */,
				C8EA5407253633AA002D88B6 /* WhiteTextWithBlackOutline.swift in Sources */,
				C8BB333B25031D08003E105F /* FarmCollectionsOrder.swift in Sources */,
				C8BB333525030DC8003E105F /* RaidOptions.swift in Sources */,
				C8EA54302536E6DC002D88B6 /* SummaryOfNotableRaids.swift in Sources */,
				C8EA5420253633E1002D88B6 /* CharacterImage.swift in Sources */,
				C849963A2517CBBA007D1762 /* RaidDetails.swift in Sources */,
				C803C5D724FD81ED00A8D2DE /* CombinedRaidWithEncounters.swift in Sources */,
				C831CC4824E7355500C25F67 /* CharacterMedia.swift in Sources */,
				C849968825191ED7007D1762 /* CharacterListItemBackground.swift in Sources */,
				C874D5CF24F2926A0006B210 /* ExpansionGameDataPreview.swift in Sources */,
				C8F942E524EF025600B6222C /* ExpansionJournal.swift in Sources */,
				C806FA562501AAE1006DEF78 /* RaidTileBackground.swift in Sources */,
				C8770B322565CF8F00CE4BAC /* StoredItemIcon.swift in Sources */,
				C85059D6256092430083FEEA /* LoadingCharacterEncounters.swift in Sources */,
				C8BB333825030E07003E105F /* RaidOptionsListItem.swift in Sources */,
				C8F942E424EF025600B6222C /* GameData.swift in Sources */,
				C8F942EB24EF028100B6222C /* DataHealthScreen.swift in Sources */,
				C85059E4256093910083FEEA /* SavingAvatars.swift in Sources */,
				C86A6B88253CD13A00784F6C /* CreditsListItem.swift in Sources */,
				C85059AC25608ACC0083FEEA /* LoadingCharacters.swift in Sources */,
				C85059F6256153680083FEEA /* RaidSuggestion.swift in Sources */,
				C85059DD256092AB0083FEEA /* CharacterEncountersReloading.swift in Sources */,
				C84B82F824E5FD65006E84FA /* MainScreen.swift in Sources */,
				C892962C253A16AB00F1BA30 /* LargeNotableRaid.swift in Sources */,
				C85059C125608F840083FEEA /* LoadingExpansions.swift in Sources */,
				C89296162538E81E00F1BA30 /* ItemIcon.swift in Sources */,
				C8FFADAC2525533900465313 /* StaticStrings.swift in Sources */,
				C8F942E924EF027900B6222C /* LogOutListItem.swift in Sources */,
				C818B1E52522A41D00ED06B7 /* FarmingOrder.swift in Sources */,
				C8E6D7E3252A8613005F0918 /* SummaryListItem.swift in Sources */,
				C803C5D424FC57B800A8D2DE /* CharacterRaidEncounters.swift in Sources */,
				C83522702502379900A5D90D /* BackgroundBlurs.swift in Sources */,
				C89295F52538BA0200F1BA30 /* MediumNotableRaid.swift in Sources */,
				C8770B202565BC8300CE4BAC /* StoredCharacterImage.swift in Sources */,
				C803C5DD24FEF1D700A8D2DE /* RaidDataFilledAndSorted.swift in Sources */,
				C89914C224F8743700DADAB1 /* CharacterMainView.swift in Sources */,
				C8665E6924F1DF980043A23C /* InstanceJournal.swift in Sources */,
				C8929633253A1C0700F1BA30 /* LargeNotableLoot.swift in Sources */,
				C85059BA25608EC50083FEEA /* LoadingCollectibles.swift in Sources */,
				C89914C524F992B200DADAB1 /* RaidFarmingCollection.swift in Sources */,
				C8F942F524EF1D2500B6222C /* SecretOAuth.swift in Sources */,
				C803C5E325007B8800A8D2DE /* RaidFarmHeader.swift in Sources */,
				C811E7A824E05FBE0050F6CD /* AuthInfo.swift in Sources */,
				C8770B1925633ACE00CE4BAC /* PreparingRaidSuggestions.swift in Sources */,
				C8B1426D251D61CB004F982B /* DefaultListItemBackground.swift in Sources */,
				C892963A253A1D1300F1BA30 /* PlaceHolders.swift in Sources */,
				C8F942EA24EF027C00B6222C /* LogOutDebugScreen.swift in Sources */,
				C85059C8256090310083FEEA /* LoadingRaids.swift in Sources */,
				C8B14266251D5653004F982B /* NavListSectionHeader.swift in Sources */,
				C8E4D71A24F2A5A500EDAC85 /* InstanceTile.swift in Sources */,
				C8F942E624EF025600B6222C /* ExpansionIndex.swift in Sources */,
				C811E7A524E01DC30050F6CD /* APIAccessInfo.swift in Sources */,
				C811E78C24E01B1F0050F6CD /* AuthCheckingScreen.swift in Sources */,
				C8929625253A123E00F1BA30 /* InstanceNotableItems.swift in Sources */,
				C8490D9F2548E03D0029F492 /* IgnoredCharactersRestore.swift in Sources */,
				C8F942E824EF027700B6222C /* CharacterLoadingListItem.swift in Sources */,
				C811E78A24E01B1F0050F6CD /* WoWHelperApp.swift in Sources */,
				C818B1D62520EE6800ED06B7 /* JournalEncounterSearch.swift in Sources */,
				C892960B2538E05400F1BA30 /* MediumNotableLoot.swift in Sources */,
				C811E7AC24E0A3690050F6CD /* Authentication.swift in Sources */,
				C84B82FB24E5FF56006E84FA /* UserProfile.swift in Sources */,
				C8665E6624F066DF0043A23C /* GameDataLoader.swift in Sources */,
				C8EA541B253633D4002D88B6 /* BackgroundTexture.swift in Sources */,
				C8EA54252536341C002D88B6 /* DataLoadingInfo.swift in Sources */,
				C8EA5411253633B2002D88B6 /* SingleCharacterSummary.swift in Sources */,
				C85059B325608E470083FEEA /* SortingCharacters.swift in Sources */,
				C803C5E0250070C300A8D2DE /* WrapperForRaidOptions.swift in Sources */,
				C85059EB256093CA0083FEEA /* SavingRaidsBackgrounds.swift in Sources */,
				C8EA5416253633B6002D88B6 /* NoFarmingLeft.swift in Sources */,
				C818B1CF2520D9B000ED06B7 /* LocalizedName.swift in Sources */,
				C85059A12560888E0083FEEA /* InitialControls.swift in Sources */,
				C831CC5024E8974100C25F67 /* MyData.xcdatamodeld in Sources */,
				C8770B2B2565CB0F00CE4BAC /* StoredRaidTileBackground.swift in Sources */,
				C8EA543B2537BD56002D88B6 /* SmallNotableRaid.swift in Sources */,
				C818B1DD2521060D00ED06B7 /* NotableItemsInRaid.swift in Sources */,
				C818B1F02523ADA400ED06B7 /* RaidsData.swift in Sources */,
				C803C5DA24FEF18C00A8D2DE /* RaidDataHelper.swift in Sources */,
				C8F942E724EF027300B6222C /* CharacterListItem.swift in Sources */,
				C8E4D71D24F2BDD200EDAC85 /* BlizzardMediaFormat.swift in Sources */,
				C84996282517B837007D1762 /* CollectibleItems.swift in Sources */,
				C831CC5424E89A0200C25F67 /* CoreDataImagesManager.swift in Sources */,
				C88EEA9E24E9E2B800155CBC /* JSONCoreDataManager.swift in Sources */,
				C85059CF2560915B0083FEEA /* LoadingRaidEncounters.swift in Sources */,
				C89296042538CF2800F1BA30 /* InstancePlaceholderTile.swift in Sources */,
				C806FA532501A7B2006DEF78 /* CharacterRaidTile.swift in Sources */,
				C887121024E4A01200C0A0ED /* LoginScreen.swift in Sources */,
				C86A6B8F253CD1A600784F6C /* Credits.swift in Sources */,
				C8EA540C253633AE002D88B6 /* SummaryMain.swift in Sources */,
			);
			runOnlyForDeploymentPostprocessing = 0;
		};
		C811E77324E01B1F0050F6CD /* Sources */ = {
			isa = PBXSourcesBuildPhase;
			buildActionMask = 2147483647;
			files = (
				C811E77C24E01B1F0050F6CD /* Tests_iOS.swift in Sources */,
			);
			runOnlyForDeploymentPostprocessing = 0;
		};
		C811E77E24E01B1F0050F6CD /* Sources */ = {
			isa = PBXSourcesBuildPhase;
			buildActionMask = 2147483647;
			files = (
				C811E78724E01B1F0050F6CD /* Tests_macOS.swift in Sources */,
			);
			runOnlyForDeploymentPostprocessing = 0;
		};
/* End PBXSourcesBuildPhase section */

/* Begin PBXTargetDependency section */
		C811E77924E01B1F0050F6CD /* PBXTargetDependency */ = {
			isa = PBXTargetDependency;
			target = C811E76624E01B1F0050F6CD /* WoW Helper (iOS) */;
			targetProxy = C811E77824E01B1F0050F6CD /* PBXContainerItemProxy */;
		};
		C811E78424E01B1F0050F6CD /* PBXTargetDependency */ = {
			isa = PBXTargetDependency;
			target = C811E76E24E01B1F0050F6CD /* WoW Helper (macOS) */;
			targetProxy = C811E78324E01B1F0050F6CD /* PBXContainerItemProxy */;
		};
/* End PBXTargetDependency section */

/* Begin XCBuildConfiguration section */
		C811E78F24E01B1F0050F6CD /* Debug */ = {
			isa = XCBuildConfiguration;
			buildSettings = {
				ALWAYS_SEARCH_USER_PATHS = NO;
				CLANG_ANALYZER_NONNULL = YES;
				CLANG_ANALYZER_NUMBER_OBJECT_CONVERSION = YES_AGGRESSIVE;
				CLANG_CXX_LANGUAGE_STANDARD = "gnu++14";
				CLANG_CXX_LIBRARY = "libc++";
				CLANG_ENABLE_MODULES = YES;
				CLANG_ENABLE_OBJC_ARC = YES;
				CLANG_ENABLE_OBJC_WEAK = YES;
				CLANG_WARN_BLOCK_CAPTURE_AUTORELEASING = YES;
				CLANG_WARN_BOOL_CONVERSION = YES;
				CLANG_WARN_COMMA = YES;
				CLANG_WARN_CONSTANT_CONVERSION = YES;
				CLANG_WARN_DEPRECATED_OBJC_IMPLEMENTATIONS = YES;
				CLANG_WARN_DIRECT_OBJC_ISA_USAGE = YES_ERROR;
				CLANG_WARN_DOCUMENTATION_COMMENTS = YES;
				CLANG_WARN_EMPTY_BODY = YES;
				CLANG_WARN_ENUM_CONVERSION = YES;
				CLANG_WARN_INFINITE_RECURSION = YES;
				CLANG_WARN_INT_CONVERSION = YES;
				CLANG_WARN_NON_LITERAL_NULL_CONVERSION = YES;
				CLANG_WARN_OBJC_IMPLICIT_RETAIN_SELF = YES;
				CLANG_WARN_OBJC_LITERAL_CONVERSION = YES;
				CLANG_WARN_OBJC_ROOT_CLASS = YES_ERROR;
				CLANG_WARN_QUOTED_INCLUDE_IN_FRAMEWORK_HEADER = YES;
				CLANG_WARN_RANGE_LOOP_ANALYSIS = YES;
				CLANG_WARN_STRICT_PROTOTYPES = YES;
				CLANG_WARN_SUSPICIOUS_MOVE = YES;
				CLANG_WARN_UNGUARDED_AVAILABILITY = YES_AGGRESSIVE;
				CLANG_WARN_UNREACHABLE_CODE = YES;
				CLANG_WARN__DUPLICATE_METHOD_MATCH = YES;
				COPY_PHASE_STRIP = NO;
				DEBUG_INFORMATION_FORMAT = dwarf;
				ENABLE_STRICT_OBJC_MSGSEND = YES;
				ENABLE_TESTABILITY = YES;
				GCC_C_LANGUAGE_STANDARD = gnu11;
				GCC_DYNAMIC_NO_PIC = NO;
				GCC_NO_COMMON_BLOCKS = YES;
				GCC_OPTIMIZATION_LEVEL = 0;
				GCC_PREPROCESSOR_DEFINITIONS = (
					"DEBUG=1",
					"$(inherited)",
				);
				GCC_WARN_64_TO_32_BIT_CONVERSION = YES;
				GCC_WARN_ABOUT_RETURN_TYPE = YES_ERROR;
				GCC_WARN_UNDECLARED_SELECTOR = YES;
				GCC_WARN_UNINITIALIZED_AUTOS = YES_AGGRESSIVE;
				GCC_WARN_UNUSED_FUNCTION = YES;
				GCC_WARN_UNUSED_VARIABLE = YES;
				IPHONEOS_DEPLOYMENT_TARGET = 14.0;
				MACOSX_DEPLOYMENT_TARGET = 11.0;
				MTL_ENABLE_DEBUG_INFO = INCLUDE_SOURCE;
				MTL_FAST_MATH = YES;
				ONLY_ACTIVE_ARCH = YES;
				SWIFT_ACTIVE_COMPILATION_CONDITIONS = DEBUG;
				SWIFT_OPTIMIZATION_LEVEL = "-Onone";
			};
			name = Debug;
		};
		C811E79024E01B1F0050F6CD /* Release */ = {
			isa = XCBuildConfiguration;
			buildSettings = {
				ALWAYS_SEARCH_USER_PATHS = NO;
				CLANG_ANALYZER_NONNULL = YES;
				CLANG_ANALYZER_NUMBER_OBJECT_CONVERSION = YES_AGGRESSIVE;
				CLANG_CXX_LANGUAGE_STANDARD = "gnu++14";
				CLANG_CXX_LIBRARY = "libc++";
				CLANG_ENABLE_MODULES = YES;
				CLANG_ENABLE_OBJC_ARC = YES;
				CLANG_ENABLE_OBJC_WEAK = YES;
				CLANG_WARN_BLOCK_CAPTURE_AUTORELEASING = YES;
				CLANG_WARN_BOOL_CONVERSION = YES;
				CLANG_WARN_COMMA = YES;
				CLANG_WARN_CONSTANT_CONVERSION = YES;
				CLANG_WARN_DEPRECATED_OBJC_IMPLEMENTATIONS = YES;
				CLANG_WARN_DIRECT_OBJC_ISA_USAGE = YES_ERROR;
				CLANG_WARN_DOCUMENTATION_COMMENTS = YES;
				CLANG_WARN_EMPTY_BODY = YES;
				CLANG_WARN_ENUM_CONVERSION = YES;
				CLANG_WARN_INFINITE_RECURSION = YES;
				CLANG_WARN_INT_CONVERSION = YES;
				CLANG_WARN_NON_LITERAL_NULL_CONVERSION = YES;
				CLANG_WARN_OBJC_IMPLICIT_RETAIN_SELF = YES;
				CLANG_WARN_OBJC_LITERAL_CONVERSION = YES;
				CLANG_WARN_OBJC_ROOT_CLASS = YES_ERROR;
				CLANG_WARN_QUOTED_INCLUDE_IN_FRAMEWORK_HEADER = YES;
				CLANG_WARN_RANGE_LOOP_ANALYSIS = YES;
				CLANG_WARN_STRICT_PROTOTYPES = YES;
				CLANG_WARN_SUSPICIOUS_MOVE = YES;
				CLANG_WARN_UNGUARDED_AVAILABILITY = YES_AGGRESSIVE;
				CLANG_WARN_UNREACHABLE_CODE = YES;
				CLANG_WARN__DUPLICATE_METHOD_MATCH = YES;
				COPY_PHASE_STRIP = NO;
				DEBUG_INFORMATION_FORMAT = "dwarf-with-dsym";
				ENABLE_NS_ASSERTIONS = NO;
				ENABLE_STRICT_OBJC_MSGSEND = YES;
				GCC_C_LANGUAGE_STANDARD = gnu11;
				GCC_NO_COMMON_BLOCKS = YES;
				GCC_WARN_64_TO_32_BIT_CONVERSION = YES;
				GCC_WARN_ABOUT_RETURN_TYPE = YES_ERROR;
				GCC_WARN_UNDECLARED_SELECTOR = YES;
				GCC_WARN_UNINITIALIZED_AUTOS = YES_AGGRESSIVE;
				GCC_WARN_UNUSED_FUNCTION = YES;
				GCC_WARN_UNUSED_VARIABLE = YES;
				IPHONEOS_DEPLOYMENT_TARGET = 14.0;
				MACOSX_DEPLOYMENT_TARGET = 11.0;
				MTL_ENABLE_DEBUG_INFO = NO;
				MTL_FAST_MATH = YES;
				SWIFT_COMPILATION_MODE = wholemodule;
				SWIFT_OPTIMIZATION_LEVEL = "-O";
			};
			name = Release;
		};
		C811E79224E01B1F0050F6CD /* Debug */ = {
			isa = XCBuildConfiguration;
			buildSettings = {
				ASSETCATALOG_COMPILER_APPICON_NAME = AppIcon;
				ASSETCATALOG_COMPILER_GLOBAL_ACCENT_COLOR_NAME = AccentColor;
				CODE_SIGN_STYLE = Automatic;
				CURRENT_PROJECT_VERSION = 7;
				DEVELOPMENT_TEAM = 8TYF5VAX58;
				ENABLE_PREVIEWS = YES;
				INFOPLIST_FILE = iOS/Info.plist;
				IPHONEOS_DEPLOYMENT_TARGET = 14.0;
				LD_RUNPATH_SEARCH_PATHS = (
					"$(inherited)",
					"@executable_path/Frameworks",
				);
				PRODUCT_BUNDLE_IDENTIFIER = "com.mlukasik.WoW-Helper";
				PRODUCT_NAME = "WoW Helper";
				SDKROOT = iphoneos;
				SWIFT_SUPPRESS_WARNINGS = NO;
				SWIFT_VERSION = 5.0;
				TARGETED_DEVICE_FAMILY = "1,2";
			};
			name = Debug;
		};
		C811E79324E01B1F0050F6CD /* Release */ = {
			isa = XCBuildConfiguration;
			buildSettings = {
				ASSETCATALOG_COMPILER_APPICON_NAME = AppIcon;
				ASSETCATALOG_COMPILER_GLOBAL_ACCENT_COLOR_NAME = AccentColor;
				CODE_SIGN_STYLE = Automatic;
				CURRENT_PROJECT_VERSION = 7;
				DEVELOPMENT_TEAM = 8TYF5VAX58;
				ENABLE_PREVIEWS = YES;
				INFOPLIST_FILE = iOS/Info.plist;
				IPHONEOS_DEPLOYMENT_TARGET = 14.0;
				LD_RUNPATH_SEARCH_PATHS = (
					"$(inherited)",
					"@executable_path/Frameworks",
				);
				PRODUCT_BUNDLE_IDENTIFIER = "com.mlukasik.WoW-Helper";
				PRODUCT_NAME = "WoW Helper";
				SDKROOT = iphoneos;
				SWIFT_SUPPRESS_WARNINGS = NO;
				SWIFT_VERSION = 5.0;
				TARGETED_DEVICE_FAMILY = "1,2";
				VALIDATE_PRODUCT = YES;
			};
			name = Release;
		};
		C811E79524E01B1F0050F6CD /* Debug */ = {
			isa = XCBuildConfiguration;
			buildSettings = {
				ASSETCATALOG_COMPILER_APPICON_NAME = AppIcon;
				ASSETCATALOG_COMPILER_GLOBAL_ACCENT_COLOR_NAME = AccentColor;
				CODE_SIGN_ENTITLEMENTS = macOS/macOS.entitlements;
				CODE_SIGN_STYLE = Automatic;
				COMBINE_HIDPI_IMAGES = YES;
				DEVELOPMENT_TEAM = 8TYF5VAX58;
				ENABLE_HARDENED_RUNTIME = YES;
				ENABLE_PREVIEWS = YES;
				INFOPLIST_FILE = macOS/Info.plist;
				LD_RUNPATH_SEARCH_PATHS = (
					"$(inherited)",
					"@executable_path/../Frameworks",
				);
				MACOSX_DEPLOYMENT_TARGET = 11.0;
				PRODUCT_BUNDLE_IDENTIFIER = "com.mlukasik.WoW-Helper";
				PRODUCT_NAME = "WoW Helper";
				SDKROOT = macosx;
				SWIFT_VERSION = 5.0;
			};
			name = Debug;
		};
		C811E79624E01B1F0050F6CD /* Release */ = {
			isa = XCBuildConfiguration;
			buildSettings = {
				ASSETCATALOG_COMPILER_APPICON_NAME = AppIcon;
				ASSETCATALOG_COMPILER_GLOBAL_ACCENT_COLOR_NAME = AccentColor;
				CODE_SIGN_ENTITLEMENTS = macOS/macOS.entitlements;
				CODE_SIGN_STYLE = Automatic;
				COMBINE_HIDPI_IMAGES = YES;
				DEVELOPMENT_TEAM = 8TYF5VAX58;
				ENABLE_HARDENED_RUNTIME = YES;
				ENABLE_PREVIEWS = YES;
				INFOPLIST_FILE = macOS/Info.plist;
				LD_RUNPATH_SEARCH_PATHS = (
					"$(inherited)",
					"@executable_path/../Frameworks",
				);
				MACOSX_DEPLOYMENT_TARGET = 11.0;
				PRODUCT_BUNDLE_IDENTIFIER = "com.mlukasik.WoW-Helper";
				PRODUCT_NAME = "WoW Helper";
				SDKROOT = macosx;
				SWIFT_VERSION = 5.0;
			};
			name = Release;
		};
		C811E79824E01B1F0050F6CD /* Debug */ = {
			isa = XCBuildConfiguration;
			buildSettings = {
				ALWAYS_EMBED_SWIFT_STANDARD_LIBRARIES = YES;
				CODE_SIGN_STYLE = Automatic;
				DEVELOPMENT_TEAM = 8TYF5VAX58;
				INFOPLIST_FILE = "Tests iOS/Info.plist";
				IPHONEOS_DEPLOYMENT_TARGET = 14.0;
				LD_RUNPATH_SEARCH_PATHS = (
					"$(inherited)",
					"@executable_path/Frameworks",
					"@loader_path/Frameworks",
				);
				PRODUCT_BUNDLE_IDENTIFIER = "com.mlukasik.Tests-iOS";
				PRODUCT_NAME = "$(TARGET_NAME)";
				SDKROOT = iphoneos;
				SWIFT_VERSION = 5.0;
				TARGETED_DEVICE_FAMILY = "1,2";
				TEST_TARGET_NAME = "WoW Helper (iOS)";
			};
			name = Debug;
		};
		C811E79924E01B1F0050F6CD /* Release */ = {
			isa = XCBuildConfiguration;
			buildSettings = {
				ALWAYS_EMBED_SWIFT_STANDARD_LIBRARIES = YES;
				CODE_SIGN_STYLE = Automatic;
				DEVELOPMENT_TEAM = 8TYF5VAX58;
				INFOPLIST_FILE = "Tests iOS/Info.plist";
				IPHONEOS_DEPLOYMENT_TARGET = 14.0;
				LD_RUNPATH_SEARCH_PATHS = (
					"$(inherited)",
					"@executable_path/Frameworks",
					"@loader_path/Frameworks",
				);
				PRODUCT_BUNDLE_IDENTIFIER = "com.mlukasik.Tests-iOS";
				PRODUCT_NAME = "$(TARGET_NAME)";
				SDKROOT = iphoneos;
				SWIFT_VERSION = 5.0;
				TARGETED_DEVICE_FAMILY = "1,2";
				TEST_TARGET_NAME = "WoW Helper (iOS)";
				VALIDATE_PRODUCT = YES;
			};
			name = Release;
		};
		C811E79B24E01B1F0050F6CD /* Debug */ = {
			isa = XCBuildConfiguration;
			buildSettings = {
				ALWAYS_EMBED_SWIFT_STANDARD_LIBRARIES = YES;
				CODE_SIGN_STYLE = Automatic;
				COMBINE_HIDPI_IMAGES = YES;
				DEVELOPMENT_TEAM = 8TYF5VAX58;
				INFOPLIST_FILE = "Tests macOS/Info.plist";
				LD_RUNPATH_SEARCH_PATHS = (
					"$(inherited)",
					"@executable_path/../Frameworks",
					"@loader_path/../Frameworks",
				);
				MACOSX_DEPLOYMENT_TARGET = 11.0;
				PRODUCT_BUNDLE_IDENTIFIER = "com.mlukasik.Tests-macOS";
				PRODUCT_NAME = "$(TARGET_NAME)";
				SDKROOT = macosx;
				SWIFT_VERSION = 5.0;
				TEST_TARGET_NAME = "WoW Helper (macOS)";
			};
			name = Debug;
		};
		C811E79C24E01B1F0050F6CD /* Release */ = {
			isa = XCBuildConfiguration;
			buildSettings = {
				ALWAYS_EMBED_SWIFT_STANDARD_LIBRARIES = YES;
				CODE_SIGN_STYLE = Automatic;
				COMBINE_HIDPI_IMAGES = YES;
				DEVELOPMENT_TEAM = 8TYF5VAX58;
				INFOPLIST_FILE = "Tests macOS/Info.plist";
				LD_RUNPATH_SEARCH_PATHS = (
					"$(inherited)",
					"@executable_path/../Frameworks",
					"@loader_path/../Frameworks",
				);
				MACOSX_DEPLOYMENT_TARGET = 11.0;
				PRODUCT_BUNDLE_IDENTIFIER = "com.mlukasik.Tests-macOS";
				PRODUCT_NAME = "$(TARGET_NAME)";
				SDKROOT = macosx;
				SWIFT_VERSION = 5.0;
				TEST_TARGET_NAME = "WoW Helper (macOS)";
			};
			name = Release;
		};
/* End XCBuildConfiguration section */

/* Begin XCConfigurationList section */
		C811E75E24E01B1E0050F6CD /* Build configuration list for PBXProject "WoW Helper" */ = {
			isa = XCConfigurationList;
			buildConfigurations = (
				C811E78F24E01B1F0050F6CD /* Debug */,
				C811E79024E01B1F0050F6CD /* Release */,
			);
			defaultConfigurationIsVisible = 0;
			defaultConfigurationName = Release;
		};
		C811E79124E01B1F0050F6CD /* Build configuration list for PBXNativeTarget "WoW Helper (iOS)" */ = {
			isa = XCConfigurationList;
			buildConfigurations = (
				C811E79224E01B1F0050F6CD /* Debug */,
				C811E79324E01B1F0050F6CD /* Release */,
			);
			defaultConfigurationIsVisible = 0;
			defaultConfigurationName = Release;
		};
		C811E79424E01B1F0050F6CD /* Build configuration list for PBXNativeTarget "WoW Helper (macOS)" */ = {
			isa = XCConfigurationList;
			buildConfigurations = (
				C811E79524E01B1F0050F6CD /* Debug */,
				C811E79624E01B1F0050F6CD /* Release */,
			);
			defaultConfigurationIsVisible = 0;
			defaultConfigurationName = Release;
		};
		C811E79724E01B1F0050F6CD /* Build configuration list for PBXNativeTarget "Tests iOS" */ = {
			isa = XCConfigurationList;
			buildConfigurations = (
				C811E79824E01B1F0050F6CD /* Debug */,
				C811E79924E01B1F0050F6CD /* Release */,
			);
			defaultConfigurationIsVisible = 0;
			defaultConfigurationName = Release;
		};
		C811E79A24E01B1F0050F6CD /* Build configuration list for PBXNativeTarget "Tests macOS" */ = {
			isa = XCConfigurationList;
			buildConfigurations = (
				C811E79B24E01B1F0050F6CD /* Debug */,
				C811E79C24E01B1F0050F6CD /* Release */,
			);
			defaultConfigurationIsVisible = 0;
			defaultConfigurationName = Release;
		};
/* End XCConfigurationList section */

/* Begin XCRemoteSwiftPackageReference section */
		C803C5E72501962800A8D2DE /* XCRemoteSwiftPackageReference "VisualEffects" */ = {
			isa = XCRemoteSwiftPackageReference;
			repositoryURL = "https://github.com/twostraws/VisualEffects";
			requirement = {
				kind = upToNextMajorVersion;
				minimumVersion = 1.0.3;
			};
		};
		C811E79D24E01B7B0050F6CD /* XCRemoteSwiftPackageReference "OAuth2" */ = {
			isa = XCRemoteSwiftPackageReference;
			repositoryURL = "https://github.com/p2/OAuth2.git";
			requirement = {
				kind = upToNextMajorVersion;
				minimumVersion = 5.2.0;
			};
		};
/* End XCRemoteSwiftPackageReference section */

/* Begin XCSwiftPackageProductDependency section */
		C803C5E82501962800A8D2DE /* VisualEffects */ = {
			isa = XCSwiftPackageProductDependency;
			package = C803C5E72501962800A8D2DE /* XCRemoteSwiftPackageReference "VisualEffects" */;
			productName = VisualEffects;
		};
		C803C5EA2501964700A8D2DE /* VisualEffects */ = {
			isa = XCSwiftPackageProductDependency;
			package = C803C5E72501962800A8D2DE /* XCRemoteSwiftPackageReference "VisualEffects" */;
			productName = VisualEffects;
		};
		C811E79E24E01B7B0050F6CD /* OAuth2 */ = {
			isa = XCSwiftPackageProductDependency;
			package = C811E79D24E01B7B0050F6CD /* XCRemoteSwiftPackageReference "OAuth2" */;
			productName = OAuth2;
		};
		C811E7A124E01C850050F6CD /* OAuth2 */ = {
			isa = XCSwiftPackageProductDependency;
			package = C811E79D24E01B7B0050F6CD /* XCRemoteSwiftPackageReference "OAuth2" */;
			productName = OAuth2;
		};
/* End XCSwiftPackageProductDependency section */

/* Begin XCVersionGroup section */
		C831CC4D24E8974100C25F67 /* MyData.xcdatamodeld */ = {
			isa = XCVersionGroup;
			children = (
				C831CC4E24E8974100C25F67 /* MyData.xcdatamodel */,
			);
			currentVersion = C831CC4E24E8974100C25F67 /* MyData.xcdatamodel */;
			path = MyData.xcdatamodeld;
			sourceTree = "<group>";
			versionGroupType = wrapper.xcdatamodel;
		};
/* End XCVersionGroup section */
	};
	rootObject = C811E75B24E01B1E0050F6CD /* Project object */;
}
